
Microsoft Visual Studio Solution File, Format Version 12.00
# Visual Studio 15
Project("{FAE04EC0-301F-11D3-BF4B-00C04F79EFBC}") = "Microsoft.MixedReality.Toolkit.SDK", "Microsoft.MixedReality.Toolkit.SDK.csproj", "{3CB7D93C-64C0-925F-D23C-2D16C2F763DA}"
EndProject
Project("{FAE04EC0-301F-11D3-BF4B-00C04F79EFBC}") = "Microsoft.MixedReality.Toolkit.Providers.OpenVR", "Microsoft.MixedReality.Toolkit.Providers.OpenVR.csproj", "{A9A01132-D63F-3BFC-B1A9-21C943FCFEF7}"
EndProject
Project("{FAE04EC0-301F-11D3-BF4B-00C04F79EFBC}") = "Microsoft.MixedReality.Toolkit", "Microsoft.MixedReality.Toolkit.csproj", "{019AF7DA-87C1-0FDB-0475-AFA3AF9237FC}"
EndProject
Project("{FAE04EC0-301F-11D3-BF4B-00C04F79EFBC}") = "Microsoft.MixedReality.Toolkit.Services.SpatialAwarenessSystem", "Microsoft.MixedReality.Toolkit.Services.SpatialAwarenessSystem.csproj", "{32466989-841F-0E26-241D-3262EC91E3F7}"
EndProject
Project("{FAE04EC0-301F-11D3-BF4B-00C04F79EFBC}") = "Microsoft.MixedReality.Toolkit.Gltf", "Microsoft.MixedReality.Toolkit.Gltf.csproj", "{EAF74A17-C0CE-FC8A-76BD-0F94FE79F466}"
EndProject
Project("{FAE04EC0-301F-11D3-BF4B-00C04F79EFBC}") = "Microsoft.MixedReality.Toolkit.Services.SceneSystem", "Microsoft.MixedReality.Toolkit.Services.SceneSystem.csproj", "{70DA34E5-0BDF-2122-3FA4-D690AFB174DC}"
EndProject
Project("{FAE04EC0-301F-11D3-BF4B-00C04F79EFBC}") = "Microsoft.MixedReality.Toolkit.Services.InputSystem", "Microsoft.MixedReality.Toolkit.Services.InputSystem.csproj", "{7D46C18D-8705-C814-A8BB-EC105BA47EFD}"
EndProject
Project("{FAE04EC0-301F-11D3-BF4B-00C04F79EFBC}") = "Microsoft.MixedReality.Toolkit.Providers.LeapMotion", "Microsoft.MixedReality.Toolkit.Providers.LeapMotion.csproj", "{724BB145-2E87-D32E-5B16-721CDBDDCE2D}"
EndProject
Project("{FAE04EC0-301F-11D3-BF4B-00C04F79EFBC}") = "Microsoft.MixedReality.Toolkit.Providers.XRSDK.WindowsMixedReality", "Microsoft.MixedReality.Toolkit.Providers.XRSDK.WindowsMixedReality.csproj", "{7C9BA927-131C-BC0E-A7AF-11ADBDFB8823}"
EndProject
Project("{FAE04EC0-301F-11D3-BF4B-00C04F79EFBC}") = "Microsoft.MixedReality.Toolkit.Services.InputSimulation", "Microsoft.MixedReality.Toolkit.Services.InputSimulation.csproj", "{B89109E4-9691-738B-4481-482283FD7207}"
EndProject
Project("{FAE04EC0-301F-11D3-BF4B-00C04F79EFBC}") = "Microsoft.MixedReality.Toolkit.Providers.UnityAR", "Microsoft.MixedReality.Toolkit.Providers.UnityAR.csproj", "{5690DE93-782B-D1C7-6746-36DB44072E5B}"
EndProject
Project("{FAE04EC0-301F-11D3-BF4B-00C04F79EFBC}") = "Microsoft.MixedReality.Toolkit.Services.InputAnimation", "Microsoft.MixedReality.Toolkit.Services.InputAnimation.csproj", "{5BCA1580-937F-E343-C522-F344E6920054}"
EndProject
Project("{FAE04EC0-301F-11D3-BF4B-00C04F79EFBC}") = "Microsoft.MixedReality.Toolkit.Providers.WindowsVoiceInput", "Microsoft.MixedReality.Toolkit.Providers.WindowsVoiceInput.csproj", "{9A4482FE-0072-67D6-58AF-CD3A511F7124}"
EndProject
Project("{FAE04EC0-301F-11D3-BF4B-00C04F79EFBC}") = "Microsoft.MixedReality.Toolkit.Services.DiagnosticsSystem", "Microsoft.MixedReality.Toolkit.Services.DiagnosticsSystem.csproj", "{46ED7CC7-4A6C-D942-0340-7F2EF3F67811}"
EndProject
Project("{FAE04EC0-301F-11D3-BF4B-00C04F79EFBC}") = "Microsoft.MixedReality.Toolkit.Async", "Microsoft.MixedReality.Toolkit.Async.csproj", "{FA8000A7-0D08-3F6F-10E2-F0038A1AFD02}"
EndProject
Project("{FAE04EC0-301F-11D3-BF4B-00C04F79EFBC}") = "Microsoft.MixedReality.Toolkit.Providers.WindowsMixedReality", "Microsoft.MixedReality.Toolkit.Providers.WindowsMixedReality.csproj", "{28571C64-5F65-5842-50E5-395B3D54A645}"
EndProject
Project("{FAE04EC0-301F-11D3-BF4B-00C04F79EFBC}") = "Microsoft.MixedReality.Toolkit.Providers.WindowsMixedReality.Shared", "Microsoft.MixedReality.Toolkit.Providers.WindowsMixedReality.Shared.csproj", "{133AAFCC-B8F8-1367-FFE7-683BC60E7CB4}"
EndProject
Project("{FAE04EC0-301F-11D3-BF4B-00C04F79EFBC}") = "Microsoft.MixedReality.Toolkit.Services.TeleportSystem", "Microsoft.MixedReality.Toolkit.Services.TeleportSystem.csproj", "{703F906E-3D08-56BE-DAE4-7F297B454D38}"
EndProject
Project("{FAE04EC0-301F-11D3-BF4B-00C04F79EFBC}") = "Microsoft.MixedReality.Toolkit.Providers.XRSDK", "Microsoft.MixedReality.Toolkit.Providers.XRSDK.csproj", "{DFABB07B-422E-6339-963A-2E0F0D987465}"
EndProject
Project("{FAE04EC0-301F-11D3-BF4B-00C04F79EFBC}") = "Microsoft.MixedReality.Toolkit.Services.CameraSystem", "Microsoft.MixedReality.Toolkit.Services.CameraSystem.csproj", "{7D69BF08-0C6B-C438-FC09-8262FE78E3B2}"
EndProject
Project("{FAE04EC0-301F-11D3-BF4B-00C04F79EFBC}") = "Assembly-CSharp", "Assembly-CSharp.csproj", "{D682E282-6492-8495-CE2A-E96108743960}"
EndProject
Project("{FAE04EC0-301F-11D3-BF4B-00C04F79EFBC}") = "Microsoft.MixedReality.Toolkit.Services.BoundarySystem", "Microsoft.MixedReality.Toolkit.Services.BoundarySystem.csproj", "{3BD69599-FB79-FD7B-D525-3717AF7A3FC1}"
EndProject
Project("{FAE04EC0-301F-11D3-BF4B-00C04F79EFBC}") = "Microsoft.MixedReality.Toolkit.SDK.Inspectors", "Microsoft.MixedReality.Toolkit.SDK.Inspectors.csproj", "{04F6E78C-573B-6738-A0DF-1FD11ECD23BD}"
EndProject
Project("{FAE04EC0-301F-11D3-BF4B-00C04F79EFBC}") = "Microsoft.MixedReality.Toolkit.Editor.Inspectors", "Microsoft.MixedReality.Toolkit.Editor.Inspectors.csproj", "{3D00701E-ED32-5625-85C7-1C3B8F5E977A}"
EndProject
Project("{FAE04EC0-301F-11D3-BF4B-00C04F79EFBC}") = "Microsoft.MixedReality.Toolkit.Editor.ServiceInspectors", "Microsoft.MixedReality.Toolkit.Editor.ServiceInspectors.csproj", "{684376F2-0ABB-DF1F-1725-4A1C3C6D8568}"
EndProject
Project("{FAE04EC0-301F-11D3-BF4B-00C04F79EFBC}") = "Microsoft.MixedReality.Toolkit.SDK.Experimental.Inspectors", "Microsoft.MixedReality.Toolkit.SDK.Experimental.Inspectors.csproj", "{1CAE6043-F818-0C05-A877-C4A09E822595}"
EndProject
Project("{FAE04EC0-301F-11D3-BF4B-00C04F79EFBC}") = "Microsoft.MixedReality.Toolkit.Providers.XRSDK.WindowsMixedReality.Editor", "Microsoft.MixedReality.Toolkit.Providers.XRSDK.WindowsMixedReality.Editor.csproj", "{7FC34FCB-4AB7-4273-7255-D8DB7A27C01D}"
EndProject
Project("{FAE04EC0-301F-11D3-BF4B-00C04F79EFBC}") = "Microsoft.MixedReality.Toolkit.Editor.Utilities", "Microsoft.MixedReality.Toolkit.Editor.Utilities.csproj", "{7A27F03C-A988-0369-758E-9E63D5B117F3}"
EndProject
Project("{FAE04EC0-301F-11D3-BF4B-00C04F79EFBC}") = "Microsoft.MixedReality.Toolkit.Providers.ObjectMeshObserver", "Microsoft.MixedReality.Toolkit.Providers.ObjectMeshObserver.csproj", "{108B32AA-CC9F-BCBC-4D0B-64ED3C6FBBD0}"
EndProject
Project("{FAE04EC0-301F-11D3-BF4B-00C04F79EFBC}") = "Microsoft.MixedReality.Toolkit.Editor.ClassExtensions", "Microsoft.MixedReality.Toolkit.Editor.ClassExtensions.csproj", "{CBCA8354-5F7E-0554-489B-9A599575A8C5}"
EndProject
Project("{FAE04EC0-301F-11D3-BF4B-00C04F79EFBC}") = "Microsoft.MixedReality.Toolkit.Gltf.Importers", "Microsoft.MixedReality.Toolkit.Gltf.Importers.csproj", "{4DC1FB2D-6F40-9553-2010-BEE0B76BDA33}"
EndProject
Project("{FAE04EC0-301F-11D3-BF4B-00C04F79EFBC}") = "Microsoft.MixedReality.Toolkit.Providers.WindowsMixedReality.ConfigCheck", "Microsoft.MixedReality.Toolkit.Providers.WindowsMixedReality.ConfigCheck.csproj", "{EA9FD37B-A43F-68B1-F084-5B34BF48B9B4}"
EndProject
Project("{FAE04EC0-301F-11D3-BF4B-00C04F79EFBC}") = "Microsoft.MixedReality.Toolkit.Providers.LeapMotion.Editor", "Microsoft.MixedReality.Toolkit.Providers.LeapMotion.Editor.csproj", "{3C414227-CEFB-645F-34FE-E6070D3DCF4C}"
EndProject
Project("{FAE04EC0-301F-11D3-BF4B-00C04F79EFBC}") = "Microsoft.MixedReality.Toolkit.Services.InputSimulation.Editor", "Microsoft.MixedReality.Toolkit.Services.InputSimulation.Editor.csproj", "{6F505225-4AA2-6C56-A32D-E39FDC2A1B23}"
EndProject
Project("{FAE04EC0-301F-11D3-BF4B-00C04F79EFBC}") = "Microsoft.MixedReality.Toolkit.Editor.BuildAndDeploy", "Microsoft.MixedReality.Toolkit.Editor.BuildAndDeploy.csproj", "{08915003-5FE8-C6D4-6607-BCFE85C1070A}"
EndProject
Project("{FAE04EC0-301F-11D3-BF4B-00C04F79EFBC}") = "Microsoft.MixedReality.Toolkit.Providers.LeapMotion.ConfigurationChecker", "Microsoft.MixedReality.Toolkit.Providers.LeapMotion.ConfigurationChecker.csproj", "{085F1D9B-E966-691A-6B66-883F5384642C}"
EndProject
Project("{FAE04EC0-301F-11D3-BF4B-00C04F79EFBC}") = "Microsoft.MixedReality.Toolkit.Providers.UnityAR.ConfigCheck", "Microsoft.MixedReality.Toolkit.Providers.UnityAR.ConfigCheck.csproj", "{3BE8E093-570A-64B6-67E7-51C70A97ADE5}"
EndProject
Project("{FAE04EC0-301F-11D3-BF4B-00C04F79EFBC}") = "Microsoft.MixedReality.Toolkit.Providers.XRSDK.ConfigCheck", "Microsoft.MixedReality.Toolkit.Providers.XRSDK.ConfigCheck.csproj", "{086C28FC-DFC7-B393-088B-5A974AA2EF85}"
EndProject
Project("{FAE04EC0-301F-11D3-BF4B-00C04F79EFBC}") = "Microsoft.MixedReality.Toolkit.Providers.UnityAR.Editor", "Microsoft.MixedReality.Toolkit.Providers.UnityAR.Editor.csproj", "{B7B65242-6E47-1D09-63C4-439C6352629C}"
EndProject
Project("{FAE04EC0-301F-11D3-BF4B-00C04F79EFBC}") = "Microsoft.MixedReality.Toolkit.Providers.WindowsMixedReality.Editor", "Microsoft.MixedReality.Toolkit.Providers.WindowsMixedReality.Editor.csproj", "{081854E4-9349-472F-0509-F37AFD9A9480}"
EndProject
Project("{FAE04EC0-301F-11D3-BF4B-00C04F79EFBC}") = "Microsoft.MixedReality.Toolkit.Services.InputSystem.Editor", "Microsoft.MixedReality.Toolkit.Services.InputSystem.Editor.csproj", "{51FF06C0-BC7D-3AEA-6CA4-C119857DA9D2}"
EndProject
Project("{FAE04EC0-301F-11D3-BF4B-00C04F79EFBC}") = "Microsoft.Windows.MixedReality.DotNetWinRT.Editor", "Microsoft.Windows.MixedReality.DotNetWinRT.Editor.csproj", "{175F5E83-E0C9-A176-3BD4-B2D1295C4D40}"
EndProject
Global
	GlobalSection(SolutionConfigurationPlatforms) = preSolution
		Debug|Any CPU = Debug|Any CPU
		Release|Any CPU = Release|Any CPU
	EndGlobalSection
	GlobalSection(ProjectConfigurationPlatforms) = postSolution
		{3CB7D93C-64C0-925F-D23C-2D16C2F763DA}.Debug|Any CPU.ActiveCfg = Debug|Any CPU
		{3CB7D93C-64C0-925F-D23C-2D16C2F763DA}.Debug|Any CPU.Build.0 = Debug|Any CPU
		{3CB7D93C-64C0-925F-D23C-2D16C2F763DA}.Release|Any CPU.ActiveCfg = Release|Any CPU
		{3CB7D93C-64C0-925F-D23C-2D16C2F763DA}.Release|Any CPU.Build.0 = Release|Any CPU
		{A9A01132-D63F-3BFC-B1A9-21C943FCFEF7}.Debug|Any CPU.ActiveCfg = Debug|Any CPU
		{A9A01132-D63F-3BFC-B1A9-21C943FCFEF7}.Debug|Any CPU.Build.0 = Debug|Any CPU
		{A9A01132-D63F-3BFC-B1A9-21C943FCFEF7}.Release|Any CPU.ActiveCfg = Release|Any CPU
		{A9A01132-D63F-3BFC-B1A9-21C943FCFEF7}.Release|Any CPU.Build.0 = Release|Any CPU
		{019AF7DA-87C1-0FDB-0475-AFA3AF9237FC}.Debug|Any CPU.ActiveCfg = Debug|Any CPU
		{019AF7DA-87C1-0FDB-0475-AFA3AF9237FC}.Debug|Any CPU.Build.0 = Debug|Any CPU
		{019AF7DA-87C1-0FDB-0475-AFA3AF9237FC}.Release|Any CPU.ActiveCfg = Release|Any CPU
		{019AF7DA-87C1-0FDB-0475-AFA3AF9237FC}.Release|Any CPU.Build.0 = Release|Any CPU
		{32466989-841F-0E26-241D-3262EC91E3F7}.Debug|Any CPU.ActiveCfg = Debug|Any CPU
		{32466989-841F-0E26-241D-3262EC91E3F7}.Debug|Any CPU.Build.0 = Debug|Any CPU
		{32466989-841F-0E26-241D-3262EC91E3F7}.Release|Any CPU.ActiveCfg = Release|Any CPU
		{32466989-841F-0E26-241D-3262EC91E3F7}.Release|Any CPU.Build.0 = Release|Any CPU
		{EAF74A17-C0CE-FC8A-76BD-0F94FE79F466}.Debug|Any CPU.ActiveCfg = Debug|Any CPU
		{EAF74A17-C0CE-FC8A-76BD-0F94FE79F466}.Debug|Any CPU.Build.0 = Debug|Any CPU
		{EAF74A17-C0CE-FC8A-76BD-0F94FE79F466}.Release|Any CPU.ActiveCfg = Release|Any CPU
		{EAF74A17-C0CE-FC8A-76BD-0F94FE79F466}.Release|Any CPU.Build.0 = Release|Any CPU
		{70DA34E5-0BDF-2122-3FA4-D690AFB174DC}.Debug|Any CPU.ActiveCfg = Debug|Any CPU
		{70DA34E5-0BDF-2122-3FA4-D690AFB174DC}.Debug|Any CPU.Build.0 = Debug|Any CPU
		{70DA34E5-0BDF-2122-3FA4-D690AFB174DC}.Release|Any CPU.ActiveCfg = Release|Any CPU
		{70DA34E5-0BDF-2122-3FA4-D690AFB174DC}.Release|Any CPU.Build.0 = Release|Any CPU
		{7D46C18D-8705-C814-A8BB-EC105BA47EFD}.Debug|Any CPU.ActiveCfg = Debug|Any CPU
		{7D46C18D-8705-C814-A8BB-EC105BA47EFD}.Debug|Any CPU.Build.0 = Debug|Any CPU
		{7D46C18D-8705-C814-A8BB-EC105BA47EFD}.Release|Any CPU.ActiveCfg = Release|Any CPU
		{7D46C18D-8705-C814-A8BB-EC105BA47EFD}.Release|Any CPU.Build.0 = Release|Any CPU
		{724BB145-2E87-D32E-5B16-721CDBDDCE2D}.Debug|Any CPU.ActiveCfg = Debug|Any CPU
		{724BB145-2E87-D32E-5B16-721CDBDDCE2D}.Debug|Any CPU.Build.0 = Debug|Any CPU
		{724BB145-2E87-D32E-5B16-721CDBDDCE2D}.Release|Any CPU.ActiveCfg = Release|Any CPU
		{724BB145-2E87-D32E-5B16-721CDBDDCE2D}.Release|Any CPU.Build.0 = Release|Any CPU
		{7C9BA927-131C-BC0E-A7AF-11ADBDFB8823}.Debug|Any CPU.ActiveCfg = Debug|Any CPU
		{7C9BA927-131C-BC0E-A7AF-11ADBDFB8823}.Debug|Any CPU.Build.0 = Debug|Any CPU
		{7C9BA927-131C-BC0E-A7AF-11ADBDFB8823}.Release|Any CPU.ActiveCfg = Release|Any CPU
		{7C9BA927-131C-BC0E-A7AF-11ADBDFB8823}.Release|Any CPU.Build.0 = Release|Any CPU
		{B89109E4-9691-738B-4481-482283FD7207}.Debug|Any CPU.ActiveCfg = Debug|Any CPU
		{B89109E4-9691-738B-4481-482283FD7207}.Debug|Any CPU.Build.0 = Debug|Any CPU
		{B89109E4-9691-738B-4481-482283FD7207}.Release|Any CPU.ActiveCfg = Release|Any CPU
		{B89109E4-9691-738B-4481-482283FD7207}.Release|Any CPU.Build.0 = Release|Any CPU
		{5690DE93-782B-D1C7-6746-36DB44072E5B}.Debug|Any CPU.ActiveCfg = Debug|Any CPU
		{5690DE93-782B-D1C7-6746-36DB44072E5B}.Debug|Any CPU.Build.0 = Debug|Any CPU
		{5690DE93-782B-D1C7-6746-36DB44072E5B}.Release|Any CPU.ActiveCfg = Release|Any CPU
		{5690DE93-782B-D1C7-6746-36DB44072E5B}.Release|Any CPU.Build.0 = Release|Any CPU
		{5BCA1580-937F-E343-C522-F344E6920054}.Debug|Any CPU.ActiveCfg = Debug|Any CPU
		{5BCA1580-937F-E343-C522-F344E6920054}.Debug|Any CPU.Build.0 = Debug|Any CPU
		{5BCA1580-937F-E343-C522-F344E6920054}.Release|Any CPU.ActiveCfg = Release|Any CPU
		{5BCA1580-937F-E343-C522-F344E6920054}.Release|Any CPU.Build.0 = Release|Any CPU
		{9A4482FE-0072-67D6-58AF-CD3A511F7124}.Debug|Any CPU.ActiveCfg = Debug|Any CPU
		{9A4482FE-0072-67D6-58AF-CD3A511F7124}.Debug|Any CPU.Build.0 = Debug|Any CPU
		{9A4482FE-0072-67D6-58AF-CD3A511F7124}.Release|Any CPU.ActiveCfg = Release|Any CPU
		{9A4482FE-0072-67D6-58AF-CD3A511F7124}.Release|Any CPU.Build.0 = Release|Any CPU
		{46ED7CC7-4A6C-D942-0340-7F2EF3F67811}.Debug|Any CPU.ActiveCfg = Debug|Any CPU
		{46ED7CC7-4A6C-D942-0340-7F2EF3F67811}.Debug|Any CPU.Build.0 = Debug|Any CPU
		{46ED7CC7-4A6C-D942-0340-7F2EF3F67811}.Release|Any CPU.ActiveCfg = Release|Any CPU
		{46ED7CC7-4A6C-D942-0340-7F2EF3F67811}.Release|Any CPU.Build.0 = Release|Any CPU
		{FA8000A7-0D08-3F6F-10E2-F0038A1AFD02}.Debug|Any CPU.ActiveCfg = Debug|Any CPU
		{FA8000A7-0D08-3F6F-10E2-F0038A1AFD02}.Debug|Any CPU.Build.0 = Debug|Any CPU
		{FA8000A7-0D08-3F6F-10E2-F0038A1AFD02}.Release|Any CPU.ActiveCfg = Release|Any CPU
		{FA8000A7-0D08-3F6F-10E2-F0038A1AFD02}.Release|Any CPU.Build.0 = Release|Any CPU
		{28571C64-5F65-5842-50E5-395B3D54A645}.Debug|Any CPU.ActiveCfg = Debug|Any CPU
		{28571C64-5F65-5842-50E5-395B3D54A645}.Debug|Any CPU.Build.0 = Debug|Any CPU
		{28571C64-5F65-5842-50E5-395B3D54A645}.Release|Any CPU.ActiveCfg = Release|Any CPU
		{28571C64-5F65-5842-50E5-395B3D54A645}.Release|Any CPU.Build.0 = Release|Any CPU
		{133AAFCC-B8F8-1367-FFE7-683BC60E7CB4}.Debug|Any CPU.ActiveCfg = Debug|Any CPU
		{133AAFCC-B8F8-1367-FFE7-683BC60E7CB4}.Debug|Any CPU.Build.0 = Debug|Any CPU
		{133AAFCC-B8F8-1367-FFE7-683BC60E7CB4}.Release|Any CPU.ActiveCfg = Release|Any CPU
		{133AAFCC-B8F8-1367-FFE7-683BC60E7CB4}.Release|Any CPU.Build.0 = Release|Any CPU
		{703F906E-3D08-56BE-DAE4-7F297B454D38}.Debug|Any CPU.ActiveCfg = Debug|Any CPU
		{703F906E-3D08-56BE-DAE4-7F297B454D38}.Debug|Any CPU.Build.0 = Debug|Any CPU
		{703F906E-3D08-56BE-DAE4-7F297B454D38}.Release|Any CPU.ActiveCfg = Release|Any CPU
		{703F906E-3D08-56BE-DAE4-7F297B454D38}.Release|Any CPU.Build.0 = Release|Any CPU
		{DFABB07B-422E-6339-963A-2E0F0D987465}.Debug|Any CPU.ActiveCfg = Debug|Any CPU
		{DFABB07B-422E-6339-963A-2E0F0D987465}.Debug|Any CPU.Build.0 = Debug|Any CPU
		{DFABB07B-422E-6339-963A-2E0F0D987465}.Release|Any CPU.ActiveCfg = Release|Any CPU
		{DFABB07B-422E-6339-963A-2E0F0D987465}.Release|Any CPU.Build.0 = Release|Any CPU
		{7D69BF08-0C6B-C438-FC09-8262FE78E3B2}.Debug|Any CPU.ActiveCfg = Debug|Any CPU
		{7D69BF08-0C6B-C438-FC09-8262FE78E3B2}.Debug|Any CPU.Build.0 = Debug|Any CPU
		{7D69BF08-0C6B-C438-FC09-8262FE78E3B2}.Release|Any CPU.ActiveCfg = Release|Any CPU
		{7D69BF08-0C6B-C438-FC09-8262FE78E3B2}.Release|Any CPU.Build.0 = Release|Any CPU
		{D682E282-6492-8495-CE2A-E96108743960}.Debug|Any CPU.ActiveCfg = Debug|Any CPU
		{D682E282-6492-8495-CE2A-E96108743960}.Debug|Any CPU.Build.0 = Debug|Any CPU
		{D682E282-6492-8495-CE2A-E96108743960}.Release|Any CPU.ActiveCfg = Release|Any CPU
		{D682E282-6492-8495-CE2A-E96108743960}.Release|Any CPU.Build.0 = Release|Any CPU
		{3BD69599-FB79-FD7B-D525-3717AF7A3FC1}.Debug|Any CPU.ActiveCfg = Debug|Any CPU
		{3BD69599-FB79-FD7B-D525-3717AF7A3FC1}.Debug|Any CPU.Build.0 = Debug|Any CPU
		{3BD69599-FB79-FD7B-D525-3717AF7A3FC1}.Release|Any CPU.ActiveCfg = Release|Any CPU
		{3BD69599-FB79-FD7B-D525-3717AF7A3FC1}.Release|Any CPU.Build.0 = Release|Any CPU
		{04F6E78C-573B-6738-A0DF-1FD11ECD23BD}.Debug|Any CPU.ActiveCfg = Debug|Any CPU
		{04F6E78C-573B-6738-A0DF-1FD11ECD23BD}.Debug|Any CPU.Build.0 = Debug|Any CPU
		{04F6E78C-573B-6738-A0DF-1FD11ECD23BD}.Release|Any CPU.ActiveCfg = Release|Any CPU
		{04F6E78C-573B-6738-A0DF-1FD11ECD23BD}.Release|Any CPU.Build.0 = Release|Any CPU
		{3D00701E-ED32-5625-85C7-1C3B8F5E977A}.Debug|Any CPU.ActiveCfg = Debug|Any CPU
		{3D00701E-ED32-5625-85C7-1C3B8F5E977A}.Debug|Any CPU.Build.0 = Debug|Any CPU
		{3D00701E-ED32-5625-85C7-1C3B8F5E977A}.Release|Any CPU.ActiveCfg = Release|Any CPU
		{3D00701E-ED32-5625-85C7-1C3B8F5E977A}.Release|Any CPU.Build.0 = Release|Any CPU
		{684376F2-0ABB-DF1F-1725-4A1C3C6D8568}.Debug|Any CPU.ActiveCfg = Debug|Any CPU
		{684376F2-0ABB-DF1F-1725-4A1C3C6D8568}.Debug|Any CPU.Build.0 = Debug|Any CPU
		{684376F2-0ABB-DF1F-1725-4A1C3C6D8568}.Release|Any CPU.ActiveCfg = Release|Any CPU
		{684376F2-0ABB-DF1F-1725-4A1C3C6D8568}.Release|Any CPU.Build.0 = Release|Any CPU
		{1CAE6043-F818-0C05-A877-C4A09E822595}.Debug|Any CPU.ActiveCfg = Debug|Any CPU
		{1CAE6043-F818-0C05-A877-C4A09E822595}.Debug|Any CPU.Build.0 = Debug|Any CPU
		{1CAE6043-F818-0C05-A877-C4A09E822595}.Release|Any CPU.ActiveCfg = Release|Any CPU
		{1CAE6043-F818-0C05-A877-C4A09E822595}.Release|Any CPU.Build.0 = Release|Any CPU
		{7FC34FCB-4AB7-4273-7255-D8DB7A27C01D}.Debug|Any CPU.ActiveCfg = Debug|Any CPU
		{7FC34FCB-4AB7-4273-7255-D8DB7A27C01D}.Debug|Any CPU.Build.0 = Debug|Any CPU
		{7FC34FCB-4AB7-4273-7255-D8DB7A27C01D}.Release|Any CPU.ActiveCfg = Release|Any CPU
		{7FC34FCB-4AB7-4273-7255-D8DB7A27C01D}.Release|Any CPU.Build.0 = Release|Any CPU
		{7A27F03C-A988-0369-758E-9E63D5B117F3}.Debug|Any CPU.ActiveCfg = Debug|Any CPU
		{7A27F03C-A988-0369-758E-9E63D5B117F3}.Debug|Any CPU.Build.0 = Debug|Any CPU
		{7A27F03C-A988-0369-758E-9E63D5B117F3}.Release|Any CPU.ActiveCfg = Release|Any CPU
		{7A27F03C-A988-0369-758E-9E63D5B117F3}.Release|Any CPU.Build.0 = Release|Any CPU
		{108B32AA-CC9F-BCBC-4D0B-64ED3C6FBBD0}.Debug|Any CPU.ActiveCfg = Debug|Any CPU
		{108B32AA-CC9F-BCBC-4D0B-64ED3C6FBBD0}.Debug|Any CPU.Build.0 = Debug|Any CPU
		{108B32AA-CC9F-BCBC-4D0B-64ED3C6FBBD0}.Release|Any CPU.ActiveCfg = Release|Any CPU
		{108B32AA-CC9F-BCBC-4D0B-64ED3C6FBBD0}.Release|Any CPU.Build.0 = Release|Any CPU
		{CBCA8354-5F7E-0554-489B-9A599575A8C5}.Debug|Any CPU.ActiveCfg = Debug|Any CPU
		{CBCA8354-5F7E-0554-489B-9A599575A8C5}.Debug|Any CPU.Build.0 = Debug|Any CPU
		{CBCA8354-5F7E-0554-489B-9A599575A8C5}.Release|Any CPU.ActiveCfg = Release|Any CPU
		{CBCA8354-5F7E-0554-489B-9A599575A8C5}.Release|Any CPU.Build.0 = Release|Any CPU
		{4DC1FB2D-6F40-9553-2010-BEE0B76BDA33}.Debug|Any CPU.ActiveCfg = Debug|Any CPU
		{4DC1FB2D-6F40-9553-2010-BEE0B76BDA33}.Debug|Any CPU.Build.0 = Debug|Any CPU
		{4DC1FB2D-6F40-9553-2010-BEE0B76BDA33}.Release|Any CPU.ActiveCfg = Release|Any CPU
		{4DC1FB2D-6F40-9553-2010-BEE0B76BDA33}.Release|Any CPU.Build.0 = Release|Any CPU
		{EA9FD37B-A43F-68B1-F084-5B34BF48B9B4}.Debug|Any CPU.ActiveCfg = Debug|Any CPU
		{EA9FD37B-A43F-68B1-F084-5B34BF48B9B4}.Debug|Any CPU.Build.0 = Debug|Any CPU
		{EA9FD37B-A43F-68B1-F084-5B34BF48B9B4}.Release|Any CPU.ActiveCfg = Release|Any CPU
		{EA9FD37B-A43F-68B1-F084-5B34BF48B9B4}.Release|Any CPU.Build.0 = Release|Any CPU
		{3C414227-CEFB-645F-34FE-E6070D3DCF4C}.Debug|Any CPU.ActiveCfg = Debug|Any CPU
		{3C414227-CEFB-645F-34FE-E6070D3DCF4C}.Debug|Any CPU.Build.0 = Debug|Any CPU
		{3C414227-CEFB-645F-34FE-E6070D3DCF4C}.Release|Any CPU.ActiveCfg = Release|Any CPU
		{3C414227-CEFB-645F-34FE-E6070D3DCF4C}.Release|Any CPU.Build.0 = Release|Any CPU
		{6F505225-4AA2-6C56-A32D-E39FDC2A1B23}.Debug|Any CPU.ActiveCfg = Debug|Any CPU
		{6F505225-4AA2-6C56-A32D-E39FDC2A1B23}.Debug|Any CPU.Build.0 = Debug|Any CPU
		{6F505225-4AA2-6C56-A32D-E39FDC2A1B23}.Release|Any CPU.ActiveCfg = Release|Any CPU
		{6F505225-4AA2-6C56-A32D-E39FDC2A1B23}.Release|Any CPU.Build.0 = Release|Any CPU
		{08915003-5FE8-C6D4-6607-BCFE85C1070A}.Debug|Any CPU.ActiveCfg = Debug|Any CPU
		{08915003-5FE8-C6D4-6607-BCFE85C1070A}.Debug|Any CPU.Build.0 = Debug|Any CPU
		{08915003-5FE8-C6D4-6607-BCFE85C1070A}.Release|Any CPU.ActiveCfg = Release|Any CPU
		{08915003-5FE8-C6D4-6607-BCFE85C1070A}.Release|Any CPU.Build.0 = Release|Any CPU
		{085F1D9B-E966-691A-6B66-883F5384642C}.Debug|Any CPU.ActiveCfg = Debug|Any CPU
		{085F1D9B-E966-691A-6B66-883F5384642C}.Debug|Any CPU.Build.0 = Debug|Any CPU
		{085F1D9B-E966-691A-6B66-883F5384642C}.Release|Any CPU.ActiveCfg = Release|Any CPU
		{085F1D9B-E966-691A-6B66-883F5384642C}.Release|Any CPU.Build.0 = Release|Any CPU
		{3BE8E093-570A-64B6-67E7-51C70A97ADE5}.Debug|Any CPU.ActiveCfg = Debug|Any CPU
		{3BE8E093-570A-64B6-67E7-51C70A97ADE5}.Debug|Any CPU.Build.0 = Debug|Any CPU
		{3BE8E093-570A-64B6-67E7-51C70A97ADE5}.Release|Any CPU.ActiveCfg = Release|Any CPU
		{3BE8E093-570A-64B6-67E7-51C70A97ADE5}.Release|Any CPU.Build.0 = Release|Any CPU
		{086C28FC-DFC7-B393-088B-5A974AA2EF85}.Debug|Any CPU.ActiveCfg = Debug|Any CPU
		{086C28FC-DFC7-B393-088B-5A974AA2EF85}.Debug|Any CPU.Build.0 = Debug|Any CPU
		{086C28FC-DFC7-B393-088B-5A974AA2EF85}.Release|Any CPU.ActiveCfg = Release|Any CPU
		{086C28FC-DFC7-B393-088B-5A974AA2EF85}.Release|Any CPU.Build.0 = Release|Any CPU
		{B7B65242-6E47-1D09-63C4-439C6352629C}.Debug|Any CPU.ActiveCfg = Debug|Any CPU
		{B7B65242-6E47-1D09-63C4-439C6352629C}.Debug|Any CPU.Build.0 = Debug|Any CPU
		{B7B65242-6E47-1D09-63C4-439C6352629C}.Release|Any CPU.ActiveCfg = Release|Any CPU
		{B7B65242-6E47-1D09-63C4-439C6352629C}.Release|Any CPU.Build.0 = Release|Any CPU
		{081854E4-9349-472F-0509-F37AFD9A9480}.Debug|Any CPU.ActiveCfg = Debug|Any CPU
		{081854E4-9349-472F-0509-F37AFD9A9480}.Debug|Any CPU.Build.0 = Debug|Any CPU
		{081854E4-9349-472F-0509-F37AFD9A9480}.Release|Any CPU.ActiveCfg = Release|Any CPU
		{081854E4-9349-472F-0509-F37AFD9A9480}.Release|Any CPU.Build.0 = Release|Any CPU
		{51FF06C0-BC7D-3AEA-6CA4-C119857DA9D2}.Debug|Any CPU.ActiveCfg = Debug|Any CPU
		{51FF06C0-BC7D-3AEA-6CA4-C119857DA9D2}.Debug|Any CPU.Build.0 = Debug|Any CPU
		{51FF06C0-BC7D-3AEA-6CA4-C119857DA9D2}.Release|Any CPU.ActiveCfg = Release|Any CPU
		{51FF06C0-BC7D-3AEA-6CA4-C119857DA9D2}.Release|Any CPU.Build.0 = Release|Any CPU
		{175F5E83-E0C9-A176-3BD4-B2D1295C4D40}.Debug|Any CPU.ActiveCfg = Debug|Any CPU
		{175F5E83-E0C9-A176-3BD4-B2D1295C4D40}.Debug|Any CPU.Build.0 = Debug|Any CPU
		{175F5E83-E0C9-A176-3BD4-B2D1295C4D40}.Release|Any CPU.ActiveCfg = Release|Any CPU
		{175F5E83-E0C9-A176-3BD4-B2D1295C4D40}.Release|Any CPU.Build.0 = Release|Any CPU
	EndGlobalSection
	GlobalSection(SolutionProperties) = preSolution
		HideSolutionNode = FALSE
	EndGlobalSection
EndGlobal
