
Microsoft Visual Studio Solution File, Format Version 12.00
# Visual Studio 15
Project("{FAE04EC0-301F-11D3-BF4B-00C04F79EFBC}") = "Microsoft.MixedReality.Toolkit.SDK", "Microsoft.MixedReality.Toolkit.SDK.csproj", "{470A301B-4303-14E6-9720-0C5F76CF1A4B}"
EndProject
Project("{FAE04EC0-301F-11D3-BF4B-00C04F79EFBC}") = "Microsoft.MixedReality.Toolkit.Providers.OpenVR", "Microsoft.MixedReality.Toolkit.Providers.OpenVR.csproj", "{DFA1926E-70A7-77FA-9DC2-2D08291ABD15}"
EndProject
Project("{FAE04EC0-301F-11D3-BF4B-00C04F79EFBC}") = "Microsoft.MixedReality.Toolkit", "Microsoft.MixedReality.Toolkit.csproj", "{0483A275-DF86-BE16-2AD1-84CC0DBD6ABE}"
EndProject
Project("{FAE04EC0-301F-11D3-BF4B-00C04F79EFBC}") = "Microsoft.MixedReality.Toolkit.Services.SpatialAwarenessSystem", "Microsoft.MixedReality.Toolkit.Services.SpatialAwarenessSystem.csproj", "{EBE11705-BEEE-40E8-9125-80CD9E53ADAD}"
EndProject
Project("{FAE04EC0-301F-11D3-BF4B-00C04F79EFBC}") = "Microsoft.MixedReality.Toolkit.Gltf", "Microsoft.MixedReality.Toolkit.Gltf.csproj", "{52075F2E-7CF2-6897-4D13-AA81F360E5B1}"
EndProject
Project("{FAE04EC0-301F-11D3-BF4B-00C04F79EFBC}") = "Microsoft.MixedReality.Toolkit.Services.SceneSystem", "Microsoft.MixedReality.Toolkit.Services.SceneSystem.csproj", "{9C8D1DE7-0933-A846-8021-43D2AE1E531B}"
EndProject
Project("{FAE04EC0-301F-11D3-BF4B-00C04F79EFBC}") = "Microsoft.MixedReality.Toolkit.Services.InputSystem", "Microsoft.MixedReality.Toolkit.Services.InputSystem.csproj", "{58794A69-0EA4-2202-6D04-A4C1E4AC15A6}"
EndProject
Project("{FAE04EC0-301F-11D3-BF4B-00C04F79EFBC}") = "Microsoft.MixedReality.Toolkit.Providers.LeapMotion", "Microsoft.MixedReality.Toolkit.Providers.LeapMotion.csproj", "{72AB730A-A519-36D4-0C88-4EE71A1B918F}"
EndProject
Project("{FAE04EC0-301F-11D3-BF4B-00C04F79EFBC}") = "Microsoft.MixedReality.Toolkit.Providers.XRSDK.WindowsMixedReality", "Microsoft.MixedReality.Toolkit.Providers.XRSDK.WindowsMixedReality.csproj", "{49BE7BE9-4AC4-A52A-A530-D5C444D40598}"
EndProject
Project("{FAE04EC0-301F-11D3-BF4B-00C04F79EFBC}") = "Microsoft.MixedReality.Toolkit.Services.InputSimulation", "Microsoft.MixedReality.Toolkit.Services.InputSimulation.csproj", "{F81121B3-9DFF-172C-65E6-29A686C02FFA}"
EndProject
Project("{FAE04EC0-301F-11D3-BF4B-00C04F79EFBC}") = "Microsoft.MixedReality.Toolkit.Providers.UnityAR", "Microsoft.MixedReality.Toolkit.Providers.UnityAR.csproj", "{3D189314-451D-0342-8F32-D07C9341C048}"
EndProject
Project("{FAE04EC0-301F-11D3-BF4B-00C04F79EFBC}") = "Microsoft.MixedReality.Toolkit.Services.InputAnimation", "Microsoft.MixedReality.Toolkit.Services.InputAnimation.csproj", "{948CC366-E269-51B6-079D-15559D9E520C}"
EndProject
Project("{FAE04EC0-301F-11D3-BF4B-00C04F79EFBC}") = "Assembly-CSharp", "Assembly-CSharp.csproj", "{DB95C46C-E15B-405B-6AE9-BD0E425224A6}"
EndProject
Project("{FAE04EC0-301F-11D3-BF4B-00C04F79EFBC}") = "Microsoft.MixedReality.Toolkit.Providers.WindowsVoiceInput", "Microsoft.MixedReality.Toolkit.Providers.WindowsVoiceInput.csproj", "{86AE7F72-6D40-4D08-0153-3F6FAC72562E}"
EndProject
Project("{FAE04EC0-301F-11D3-BF4B-00C04F79EFBC}") = "Microsoft.MixedReality.Toolkit.Services.DiagnosticsSystem", "Microsoft.MixedReality.Toolkit.Services.DiagnosticsSystem.csproj", "{8DDC00D0-2D6B-D8CF-C690-20282D8F52AD}"
EndProject
Project("{FAE04EC0-301F-11D3-BF4B-00C04F79EFBC}") = "Microsoft.MixedReality.Toolkit.Async", "Microsoft.MixedReality.Toolkit.Async.csproj", "{AADC4E48-3B5D-BE28-3816-C05B6C8F506F}"
EndProject
Project("{FAE04EC0-301F-11D3-BF4B-00C04F79EFBC}") = "Microsoft.MixedReality.Toolkit.Providers.WindowsMixedReality", "Microsoft.MixedReality.Toolkit.Providers.WindowsMixedReality.csproj", "{CAF6B8EB-EB83-5D13-6BFC-869EB6AA4457}"
EndProject
Project("{FAE04EC0-301F-11D3-BF4B-00C04F79EFBC}") = "Microsoft.MixedReality.Toolkit.Providers.WindowsMixedReality.Shared", "Microsoft.MixedReality.Toolkit.Providers.WindowsMixedReality.Shared.csproj", "{2015373C-B2BD-B20A-8A4A-478DA2C496FB}"
EndProject
Project("{FAE04EC0-301F-11D3-BF4B-00C04F79EFBC}") = "Microsoft.MixedReality.Toolkit.Services.TeleportSystem", "Microsoft.MixedReality.Toolkit.Services.TeleportSystem.csproj", "{4456395A-2634-7C49-8C40-E22C927F5626}"
EndProject
Project("{FAE04EC0-301F-11D3-BF4B-00C04F79EFBC}") = "Microsoft.MixedReality.Toolkit.Providers.XRSDK", "Microsoft.MixedReality.Toolkit.Providers.XRSDK.csproj", "{596108A6-5D77-D4EF-3C84-C5FBF52EA6E3}"
EndProject
Project("{FAE04EC0-301F-11D3-BF4B-00C04F79EFBC}") = "Microsoft.MixedReality.Toolkit.Services.CameraSystem", "Microsoft.MixedReality.Toolkit.Services.CameraSystem.csproj", "{60B6956A-4BB5-18E1-0F2C-420A535B07CE}"
EndProject
Project("{FAE04EC0-301F-11D3-BF4B-00C04F79EFBC}") = "Microsoft.MixedReality.Toolkit.Services.BoundarySystem", "Microsoft.MixedReality.Toolkit.Services.BoundarySystem.csproj", "{75F09566-EBA7-3F40-D235-BC2B38AF46CD}"
EndProject
Project("{FAE04EC0-301F-11D3-BF4B-00C04F79EFBC}") = "Microsoft.MixedReality.Toolkit.SDK.Inspectors", "Microsoft.MixedReality.Toolkit.SDK.Inspectors.csproj", "{332502C9-395B-B5E4-2783-B780A4EA161D}"
EndProject
Project("{FAE04EC0-301F-11D3-BF4B-00C04F79EFBC}") = "Microsoft.MixedReality.Toolkit.Editor.Inspectors", "Microsoft.MixedReality.Toolkit.Editor.Inspectors.csproj", "{8B35DDE3-FBC7-30CE-124F-36431689910B}"
EndProject
Project("{FAE04EC0-301F-11D3-BF4B-00C04F79EFBC}") = "Microsoft.MixedReality.Toolkit.Editor.ServiceInspectors", "Microsoft.MixedReality.Toolkit.Editor.ServiceInspectors.csproj", "{CE2C3ACF-1F40-2B9C-B8FA-F209290889CA}"
EndProject
Project("{FAE04EC0-301F-11D3-BF4B-00C04F79EFBC}") = "Microsoft.MixedReality.Toolkit.SDK.Experimental.Inspectors", "Microsoft.MixedReality.Toolkit.SDK.Experimental.Inspectors.csproj", "{1541FA25-063B-5F74-DBAD-205E30021351}"
EndProject
Project("{FAE04EC0-301F-11D3-BF4B-00C04F79EFBC}") = "Microsoft.MixedReality.Toolkit.Providers.XRSDK.WindowsMixedReality.Editor", "Microsoft.MixedReality.Toolkit.Providers.XRSDK.WindowsMixedReality.Editor.csproj", "{DEF55009-303D-8C0A-D2CA-5EF0884175AB}"
EndProject
Project("{FAE04EC0-301F-11D3-BF4B-00C04F79EFBC}") = "Microsoft.MixedReality.Toolkit.Editor.Utilities", "Microsoft.MixedReality.Toolkit.Editor.Utilities.csproj", "{61B1BDD5-BE27-D233-C3C0-D46F4CF0A3E5}"
EndProject
Project("{FAE04EC0-301F-11D3-BF4B-00C04F79EFBC}") = "Microsoft.MixedReality.Toolkit.Providers.ObjectMeshObserver", "Microsoft.MixedReality.Toolkit.Providers.ObjectMeshObserver.csproj", "{400ED745-CC46-97D5-991C-4524DBC3F3FB}"
EndProject
Project("{FAE04EC0-301F-11D3-BF4B-00C04F79EFBC}") = "Microsoft.MixedReality.Toolkit.Editor.ClassExtensions", "Microsoft.MixedReality.Toolkit.Editor.ClassExtensions.csproj", "{EF511AFA-61D8-9A66-7FBD-666352364492}"
EndProject
Project("{FAE04EC0-301F-11D3-BF4B-00C04F79EFBC}") = "Microsoft.MixedReality.Toolkit.Gltf.Importers", "Microsoft.MixedReality.Toolkit.Gltf.Importers.csproj", "{0A7DAFF3-83C3-2F47-051B-CE65989AA9A0}"
EndProject
Project("{FAE04EC0-301F-11D3-BF4B-00C04F79EFBC}") = "Microsoft.MixedReality.Toolkit.Providers.WindowsMixedReality.ConfigCheck", "Microsoft.MixedReality.Toolkit.Providers.WindowsMixedReality.ConfigCheck.csproj", "{F44F58D7-BDC5-BD2B-93AF-F6E91BD5B8DC}"
EndProject
Project("{FAE04EC0-301F-11D3-BF4B-00C04F79EFBC}") = "Microsoft.MixedReality.Toolkit.Providers.LeapMotion.Editor", "Microsoft.MixedReality.Toolkit.Providers.LeapMotion.Editor.csproj", "{1B47260B-C8CD-7D05-3858-134ACFA6E1CC}"
EndProject
Project("{FAE04EC0-301F-11D3-BF4B-00C04F79EFBC}") = "Microsoft.MixedReality.Toolkit.Services.InputSimulation.Editor", "Microsoft.MixedReality.Toolkit.Services.InputSimulation.Editor.csproj", "{CD3FBF0F-F5BE-8AB0-4370-C7B4017EFA8B}"
EndProject
Project("{FAE04EC0-301F-11D3-BF4B-00C04F79EFBC}") = "Microsoft.MixedReality.Toolkit.Editor.BuildAndDeploy", "Microsoft.MixedReality.Toolkit.Editor.BuildAndDeploy.csproj", "{37A6E103-2179-411A-E2DE-03B716689C27}"
EndProject
Project("{FAE04EC0-301F-11D3-BF4B-00C04F79EFBC}") = "Microsoft.MixedReality.Toolkit.Providers.LeapMotion.ConfigurationChecker", "Microsoft.MixedReality.Toolkit.Providers.LeapMotion.ConfigurationChecker.csproj", "{2E85B655-B2EB-5551-C924-BEEE9782AC08}"
EndProject
Project("{FAE04EC0-301F-11D3-BF4B-00C04F79EFBC}") = "Microsoft.MixedReality.Toolkit.Providers.UnityAR.ConfigCheck", "Microsoft.MixedReality.Toolkit.Providers.UnityAR.ConfigCheck.csproj", "{A1FA7BEE-3FEF-035C-36A0-0C809EAA4F58}"
EndProject
Project("{FAE04EC0-301F-11D3-BF4B-00C04F79EFBC}") = "Microsoft.MixedReality.Toolkit.Providers.XRSDK.ConfigCheck", "Microsoft.MixedReality.Toolkit.Providers.XRSDK.ConfigCheck.csproj", "{6AE3FE47-3DA6-9B98-02E2-15A9181F4744}"
EndProject
Project("{FAE04EC0-301F-11D3-BF4B-00C04F79EFBC}") = "Microsoft.MixedReality.Toolkit.Providers.UnityAR.Editor", "Microsoft.MixedReality.Toolkit.Providers.UnityAR.Editor.csproj", "{CF3B3341-84E3-B460-88E8-D8BE3B8E7329}"
EndProject
Project("{FAE04EC0-301F-11D3-BF4B-00C04F79EFBC}") = "Microsoft.MixedReality.Toolkit.Providers.WindowsMixedReality.Editor", "Microsoft.MixedReality.Toolkit.Providers.WindowsMixedReality.Editor.csproj", "{43A5230D-31B9-0349-58BC-366E57BD7174}"
EndProject
Project("{FAE04EC0-301F-11D3-BF4B-00C04F79EFBC}") = "Microsoft.MixedReality.Toolkit.Services.InputSystem.Editor", "Microsoft.MixedReality.Toolkit.Services.InputSystem.Editor.csproj", "{9379B66C-D60E-43C9-6E44-077D656DFE25}"
EndProject
Project("{FAE04EC0-301F-11D3-BF4B-00C04F79EFBC}") = "Microsoft.Windows.MixedReality.DotNetWinRT.Editor", "Microsoft.Windows.MixedReality.DotNetWinRT.Editor.csproj", "{3FB7F1F9-7B8C-EC5D-A324-6283DD381F86}"
EndProject
Global
	GlobalSection(SolutionConfigurationPlatforms) = preSolution
		Debug|Any CPU = Debug|Any CPU
		Release|Any CPU = Release|Any CPU
	EndGlobalSection
	GlobalSection(ProjectConfigurationPlatforms) = postSolution
		{470A301B-4303-14E6-9720-0C5F76CF1A4B}.Debug|Any CPU.ActiveCfg = Debug|Any CPU
		{470A301B-4303-14E6-9720-0C5F76CF1A4B}.Debug|Any CPU.Build.0 = Debug|Any CPU
		{470A301B-4303-14E6-9720-0C5F76CF1A4B}.Release|Any CPU.ActiveCfg = Release|Any CPU
		{470A301B-4303-14E6-9720-0C5F76CF1A4B}.Release|Any CPU.Build.0 = Release|Any CPU
		{DFA1926E-70A7-77FA-9DC2-2D08291ABD15}.Debug|Any CPU.ActiveCfg = Debug|Any CPU
		{DFA1926E-70A7-77FA-9DC2-2D08291ABD15}.Debug|Any CPU.Build.0 = Debug|Any CPU
		{DFA1926E-70A7-77FA-9DC2-2D08291ABD15}.Release|Any CPU.ActiveCfg = Release|Any CPU
		{DFA1926E-70A7-77FA-9DC2-2D08291ABD15}.Release|Any CPU.Build.0 = Release|Any CPU
		{0483A275-DF86-BE16-2AD1-84CC0DBD6ABE}.Debug|Any CPU.ActiveCfg = Debug|Any CPU
		{0483A275-DF86-BE16-2AD1-84CC0DBD6ABE}.Debug|Any CPU.Build.0 = Debug|Any CPU
		{0483A275-DF86-BE16-2AD1-84CC0DBD6ABE}.Release|Any CPU.ActiveCfg = Release|Any CPU
		{0483A275-DF86-BE16-2AD1-84CC0DBD6ABE}.Release|Any CPU.Build.0 = Release|Any CPU
		{EBE11705-BEEE-40E8-9125-80CD9E53ADAD}.Debug|Any CPU.ActiveCfg = Debug|Any CPU
		{EBE11705-BEEE-40E8-9125-80CD9E53ADAD}.Debug|Any CPU.Build.0 = Debug|Any CPU
		{EBE11705-BEEE-40E8-9125-80CD9E53ADAD}.Release|Any CPU.ActiveCfg = Release|Any CPU
		{EBE11705-BEEE-40E8-9125-80CD9E53ADAD}.Release|Any CPU.Build.0 = Release|Any CPU
		{52075F2E-7CF2-6897-4D13-AA81F360E5B1}.Debug|Any CPU.ActiveCfg = Debug|Any CPU
		{52075F2E-7CF2-6897-4D13-AA81F360E5B1}.Debug|Any CPU.Build.0 = Debug|Any CPU
		{52075F2E-7CF2-6897-4D13-AA81F360E5B1}.Release|Any CPU.ActiveCfg = Release|Any CPU
		{52075F2E-7CF2-6897-4D13-AA81F360E5B1}.Release|Any CPU.Build.0 = Release|Any CPU
		{9C8D1DE7-0933-A846-8021-43D2AE1E531B}.Debug|Any CPU.ActiveCfg = Debug|Any CPU
		{9C8D1DE7-0933-A846-8021-43D2AE1E531B}.Debug|Any CPU.Build.0 = Debug|Any CPU
		{9C8D1DE7-0933-A846-8021-43D2AE1E531B}.Release|Any CPU.ActiveCfg = Release|Any CPU
		{9C8D1DE7-0933-A846-8021-43D2AE1E531B}.Release|Any CPU.Build.0 = Release|Any CPU
		{58794A69-0EA4-2202-6D04-A4C1E4AC15A6}.Debug|Any CPU.ActiveCfg = Debug|Any CPU
		{58794A69-0EA4-2202-6D04-A4C1E4AC15A6}.Debug|Any CPU.Build.0 = Debug|Any CPU
		{58794A69-0EA4-2202-6D04-A4C1E4AC15A6}.Release|Any CPU.ActiveCfg = Release|Any CPU
		{58794A69-0EA4-2202-6D04-A4C1E4AC15A6}.Release|Any CPU.Build.0 = Release|Any CPU
		{72AB730A-A519-36D4-0C88-4EE71A1B918F}.Debug|Any CPU.ActiveCfg = Debug|Any CPU
		{72AB730A-A519-36D4-0C88-4EE71A1B918F}.Debug|Any CPU.Build.0 = Debug|Any CPU
		{72AB730A-A519-36D4-0C88-4EE71A1B918F}.Release|Any CPU.ActiveCfg = Release|Any CPU
		{72AB730A-A519-36D4-0C88-4EE71A1B918F}.Release|Any CPU.Build.0 = Release|Any CPU
		{49BE7BE9-4AC4-A52A-A530-D5C444D40598}.Debug|Any CPU.ActiveCfg = Debug|Any CPU
		{49BE7BE9-4AC4-A52A-A530-D5C444D40598}.Debug|Any CPU.Build.0 = Debug|Any CPU
		{49BE7BE9-4AC4-A52A-A530-D5C444D40598}.Release|Any CPU.ActiveCfg = Release|Any CPU
		{49BE7BE9-4AC4-A52A-A530-D5C444D40598}.Release|Any CPU.Build.0 = Release|Any CPU
		{F81121B3-9DFF-172C-65E6-29A686C02FFA}.Debug|Any CPU.ActiveCfg = Debug|Any CPU
		{F81121B3-9DFF-172C-65E6-29A686C02FFA}.Debug|Any CPU.Build.0 = Debug|Any CPU
		{F81121B3-9DFF-172C-65E6-29A686C02FFA}.Release|Any CPU.ActiveCfg = Release|Any CPU
		{F81121B3-9DFF-172C-65E6-29A686C02FFA}.Release|Any CPU.Build.0 = Release|Any CPU
		{3D189314-451D-0342-8F32-D07C9341C048}.Debug|Any CPU.ActiveCfg = Debug|Any CPU
		{3D189314-451D-0342-8F32-D07C9341C048}.Debug|Any CPU.Build.0 = Debug|Any CPU
		{3D189314-451D-0342-8F32-D07C9341C048}.Release|Any CPU.ActiveCfg = Release|Any CPU
		{3D189314-451D-0342-8F32-D07C9341C048}.Release|Any CPU.Build.0 = Release|Any CPU
		{948CC366-E269-51B6-079D-15559D9E520C}.Debug|Any CPU.ActiveCfg = Debug|Any CPU
		{948CC366-E269-51B6-079D-15559D9E520C}.Debug|Any CPU.Build.0 = Debug|Any CPU
		{948CC366-E269-51B6-079D-15559D9E520C}.Release|Any CPU.ActiveCfg = Release|Any CPU
		{948CC366-E269-51B6-079D-15559D9E520C}.Release|Any CPU.Build.0 = Release|Any CPU
		{DB95C46C-E15B-405B-6AE9-BD0E425224A6}.Debug|Any CPU.ActiveCfg = Debug|Any CPU
		{DB95C46C-E15B-405B-6AE9-BD0E425224A6}.Debug|Any CPU.Build.0 = Debug|Any CPU
		{DB95C46C-E15B-405B-6AE9-BD0E425224A6}.Release|Any CPU.ActiveCfg = Release|Any CPU
		{DB95C46C-E15B-405B-6AE9-BD0E425224A6}.Release|Any CPU.Build.0 = Release|Any CPU
		{86AE7F72-6D40-4D08-0153-3F6FAC72562E}.Debug|Any CPU.ActiveCfg = Debug|Any CPU
		{86AE7F72-6D40-4D08-0153-3F6FAC72562E}.Debug|Any CPU.Build.0 = Debug|Any CPU
		{86AE7F72-6D40-4D08-0153-3F6FAC72562E}.Release|Any CPU.ActiveCfg = Release|Any CPU
		{86AE7F72-6D40-4D08-0153-3F6FAC72562E}.Release|Any CPU.Build.0 = Release|Any CPU
		{8DDC00D0-2D6B-D8CF-C690-20282D8F52AD}.Debug|Any CPU.ActiveCfg = Debug|Any CPU
		{8DDC00D0-2D6B-D8CF-C690-20282D8F52AD}.Debug|Any CPU.Build.0 = Debug|Any CPU
		{8DDC00D0-2D6B-D8CF-C690-20282D8F52AD}.Release|Any CPU.ActiveCfg = Release|Any CPU
		{8DDC00D0-2D6B-D8CF-C690-20282D8F52AD}.Release|Any CPU.Build.0 = Release|Any CPU
		{AADC4E48-3B5D-BE28-3816-C05B6C8F506F}.Debug|Any CPU.ActiveCfg = Debug|Any CPU
		{AADC4E48-3B5D-BE28-3816-C05B6C8F506F}.Debug|Any CPU.Build.0 = Debug|Any CPU
		{AADC4E48-3B5D-BE28-3816-C05B6C8F506F}.Release|Any CPU.ActiveCfg = Release|Any CPU
		{AADC4E48-3B5D-BE28-3816-C05B6C8F506F}.Release|Any CPU.Build.0 = Release|Any CPU
		{CAF6B8EB-EB83-5D13-6BFC-869EB6AA4457}.Debug|Any CPU.ActiveCfg = Debug|Any CPU
		{CAF6B8EB-EB83-5D13-6BFC-869EB6AA4457}.Debug|Any CPU.Build.0 = Debug|Any CPU
		{CAF6B8EB-EB83-5D13-6BFC-869EB6AA4457}.Release|Any CPU.ActiveCfg = Release|Any CPU
		{CAF6B8EB-EB83-5D13-6BFC-869EB6AA4457}.Release|Any CPU.Build.0 = Release|Any CPU
		{2015373C-B2BD-B20A-8A4A-478DA2C496FB}.Debug|Any CPU.ActiveCfg = Debug|Any CPU
		{2015373C-B2BD-B20A-8A4A-478DA2C496FB}.Debug|Any CPU.Build.0 = Debug|Any CPU
		{2015373C-B2BD-B20A-8A4A-478DA2C496FB}.Release|Any CPU.ActiveCfg = Release|Any CPU
		{2015373C-B2BD-B20A-8A4A-478DA2C496FB}.Release|Any CPU.Build.0 = Release|Any CPU
		{4456395A-2634-7C49-8C40-E22C927F5626}.Debug|Any CPU.ActiveCfg = Debug|Any CPU
		{4456395A-2634-7C49-8C40-E22C927F5626}.Debug|Any CPU.Build.0 = Debug|Any CPU
		{4456395A-2634-7C49-8C40-E22C927F5626}.Release|Any CPU.ActiveCfg = Release|Any CPU
		{4456395A-2634-7C49-8C40-E22C927F5626}.Release|Any CPU.Build.0 = Release|Any CPU
		{596108A6-5D77-D4EF-3C84-C5FBF52EA6E3}.Debug|Any CPU.ActiveCfg = Debug|Any CPU
		{596108A6-5D77-D4EF-3C84-C5FBF52EA6E3}.Debug|Any CPU.Build.0 = Debug|Any CPU
		{596108A6-5D77-D4EF-3C84-C5FBF52EA6E3}.Release|Any CPU.ActiveCfg = Release|Any CPU
		{596108A6-5D77-D4EF-3C84-C5FBF52EA6E3}.Release|Any CPU.Build.0 = Release|Any CPU
		{60B6956A-4BB5-18E1-0F2C-420A535B07CE}.Debug|Any CPU.ActiveCfg = Debug|Any CPU
		{60B6956A-4BB5-18E1-0F2C-420A535B07CE}.Debug|Any CPU.Build.0 = Debug|Any CPU
		{60B6956A-4BB5-18E1-0F2C-420A535B07CE}.Release|Any CPU.ActiveCfg = Release|Any CPU
		{60B6956A-4BB5-18E1-0F2C-420A535B07CE}.Release|Any CPU.Build.0 = Release|Any CPU
		{75F09566-EBA7-3F40-D235-BC2B38AF46CD}.Debug|Any CPU.ActiveCfg = Debug|Any CPU
		{75F09566-EBA7-3F40-D235-BC2B38AF46CD}.Debug|Any CPU.Build.0 = Debug|Any CPU
		{75F09566-EBA7-3F40-D235-BC2B38AF46CD}.Release|Any CPU.ActiveCfg = Release|Any CPU
		{75F09566-EBA7-3F40-D235-BC2B38AF46CD}.Release|Any CPU.Build.0 = Release|Any CPU
		{332502C9-395B-B5E4-2783-B780A4EA161D}.Debug|Any CPU.ActiveCfg = Debug|Any CPU
		{332502C9-395B-B5E4-2783-B780A4EA161D}.Debug|Any CPU.Build.0 = Debug|Any CPU
		{332502C9-395B-B5E4-2783-B780A4EA161D}.Release|Any CPU.ActiveCfg = Release|Any CPU
		{332502C9-395B-B5E4-2783-B780A4EA161D}.Release|Any CPU.Build.0 = Release|Any CPU
		{8B35DDE3-FBC7-30CE-124F-36431689910B}.Debug|Any CPU.ActiveCfg = Debug|Any CPU
		{8B35DDE3-FBC7-30CE-124F-36431689910B}.Debug|Any CPU.Build.0 = Debug|Any CPU
		{8B35DDE3-FBC7-30CE-124F-36431689910B}.Release|Any CPU.ActiveCfg = Release|Any CPU
		{8B35DDE3-FBC7-30CE-124F-36431689910B}.Release|Any CPU.Build.0 = Release|Any CPU
		{CE2C3ACF-1F40-2B9C-B8FA-F209290889CA}.Debug|Any CPU.ActiveCfg = Debug|Any CPU
		{CE2C3ACF-1F40-2B9C-B8FA-F209290889CA}.Debug|Any CPU.Build.0 = Debug|Any CPU
		{CE2C3ACF-1F40-2B9C-B8FA-F209290889CA}.Release|Any CPU.ActiveCfg = Release|Any CPU
		{CE2C3ACF-1F40-2B9C-B8FA-F209290889CA}.Release|Any CPU.Build.0 = Release|Any CPU
		{1541FA25-063B-5F74-DBAD-205E30021351}.Debug|Any CPU.ActiveCfg = Debug|Any CPU
		{1541FA25-063B-5F74-DBAD-205E30021351}.Debug|Any CPU.Build.0 = Debug|Any CPU
		{1541FA25-063B-5F74-DBAD-205E30021351}.Release|Any CPU.ActiveCfg = Release|Any CPU
		{1541FA25-063B-5F74-DBAD-205E30021351}.Release|Any CPU.Build.0 = Release|Any CPU
		{DEF55009-303D-8C0A-D2CA-5EF0884175AB}.Debug|Any CPU.ActiveCfg = Debug|Any CPU
		{DEF55009-303D-8C0A-D2CA-5EF0884175AB}.Debug|Any CPU.Build.0 = Debug|Any CPU
		{DEF55009-303D-8C0A-D2CA-5EF0884175AB}.Release|Any CPU.ActiveCfg = Release|Any CPU
		{DEF55009-303D-8C0A-D2CA-5EF0884175AB}.Release|Any CPU.Build.0 = Release|Any CPU
		{61B1BDD5-BE27-D233-C3C0-D46F4CF0A3E5}.Debug|Any CPU.ActiveCfg = Debug|Any CPU
		{61B1BDD5-BE27-D233-C3C0-D46F4CF0A3E5}.Debug|Any CPU.Build.0 = Debug|Any CPU
		{61B1BDD5-BE27-D233-C3C0-D46F4CF0A3E5}.Release|Any CPU.ActiveCfg = Release|Any CPU
		{61B1BDD5-BE27-D233-C3C0-D46F4CF0A3E5}.Release|Any CPU.Build.0 = Release|Any CPU
		{400ED745-CC46-97D5-991C-4524DBC3F3FB}.Debug|Any CPU.ActiveCfg = Debug|Any CPU
		{400ED745-CC46-97D5-991C-4524DBC3F3FB}.Debug|Any CPU.Build.0 = Debug|Any CPU
		{400ED745-CC46-97D5-991C-4524DBC3F3FB}.Release|Any CPU.ActiveCfg = Release|Any CPU
		{400ED745-CC46-97D5-991C-4524DBC3F3FB}.Release|Any CPU.Build.0 = Release|Any CPU
		{EF511AFA-61D8-9A66-7FBD-666352364492}.Debug|Any CPU.ActiveCfg = Debug|Any CPU
		{EF511AFA-61D8-9A66-7FBD-666352364492}.Debug|Any CPU.Build.0 = Debug|Any CPU
		{EF511AFA-61D8-9A66-7FBD-666352364492}.Release|Any CPU.ActiveCfg = Release|Any CPU
		{EF511AFA-61D8-9A66-7FBD-666352364492}.Release|Any CPU.Build.0 = Release|Any CPU
		{0A7DAFF3-83C3-2F47-051B-CE65989AA9A0}.Debug|Any CPU.ActiveCfg = Debug|Any CPU
		{0A7DAFF3-83C3-2F47-051B-CE65989AA9A0}.Debug|Any CPU.Build.0 = Debug|Any CPU
		{0A7DAFF3-83C3-2F47-051B-CE65989AA9A0}.Release|Any CPU.ActiveCfg = Release|Any CPU
		{0A7DAFF3-83C3-2F47-051B-CE65989AA9A0}.Release|Any CPU.Build.0 = Release|Any CPU
		{F44F58D7-BDC5-BD2B-93AF-F6E91BD5B8DC}.Debug|Any CPU.ActiveCfg = Debug|Any CPU
		{F44F58D7-BDC5-BD2B-93AF-F6E91BD5B8DC}.Debug|Any CPU.Build.0 = Debug|Any CPU
		{F44F58D7-BDC5-BD2B-93AF-F6E91BD5B8DC}.Release|Any CPU.ActiveCfg = Release|Any CPU
		{F44F58D7-BDC5-BD2B-93AF-F6E91BD5B8DC}.Release|Any CPU.Build.0 = Release|Any CPU
		{1B47260B-C8CD-7D05-3858-134ACFA6E1CC}.Debug|Any CPU.ActiveCfg = Debug|Any CPU
		{1B47260B-C8CD-7D05-3858-134ACFA6E1CC}.Debug|Any CPU.Build.0 = Debug|Any CPU
		{1B47260B-C8CD-7D05-3858-134ACFA6E1CC}.Release|Any CPU.ActiveCfg = Release|Any CPU
		{1B47260B-C8CD-7D05-3858-134ACFA6E1CC}.Release|Any CPU.Build.0 = Release|Any CPU
		{CD3FBF0F-F5BE-8AB0-4370-C7B4017EFA8B}.Debug|Any CPU.ActiveCfg = Debug|Any CPU
		{CD3FBF0F-F5BE-8AB0-4370-C7B4017EFA8B}.Debug|Any CPU.Build.0 = Debug|Any CPU
		{CD3FBF0F-F5BE-8AB0-4370-C7B4017EFA8B}.Release|Any CPU.ActiveCfg = Release|Any CPU
		{CD3FBF0F-F5BE-8AB0-4370-C7B4017EFA8B}.Release|Any CPU.Build.0 = Release|Any CPU
		{37A6E103-2179-411A-E2DE-03B716689C27}.Debug|Any CPU.ActiveCfg = Debug|Any CPU
		{37A6E103-2179-411A-E2DE-03B716689C27}.Debug|Any CPU.Build.0 = Debug|Any CPU
		{37A6E103-2179-411A-E2DE-03B716689C27}.Release|Any CPU.ActiveCfg = Release|Any CPU
		{37A6E103-2179-411A-E2DE-03B716689C27}.Release|Any CPU.Build.0 = Release|Any CPU
		{2E85B655-B2EB-5551-C924-BEEE9782AC08}.Debug|Any CPU.ActiveCfg = Debug|Any CPU
		{2E85B655-B2EB-5551-C924-BEEE9782AC08}.Debug|Any CPU.Build.0 = Debug|Any CPU
		{2E85B655-B2EB-5551-C924-BEEE9782AC08}.Release|Any CPU.ActiveCfg = Release|Any CPU
		{2E85B655-B2EB-5551-C924-BEEE9782AC08}.Release|Any CPU.Build.0 = Release|Any CPU
		{A1FA7BEE-3FEF-035C-36A0-0C809EAA4F58}.Debug|Any CPU.ActiveCfg = Debug|Any CPU
		{A1FA7BEE-3FEF-035C-36A0-0C809EAA4F58}.Debug|Any CPU.Build.0 = Debug|Any CPU
		{A1FA7BEE-3FEF-035C-36A0-0C809EAA4F58}.Release|Any CPU.ActiveCfg = Release|Any CPU
		{A1FA7BEE-3FEF-035C-36A0-0C809EAA4F58}.Release|Any CPU.Build.0 = Release|Any CPU
		{6AE3FE47-3DA6-9B98-02E2-15A9181F4744}.Debug|Any CPU.ActiveCfg = Debug|Any CPU
		{6AE3FE47-3DA6-9B98-02E2-15A9181F4744}.Debug|Any CPU.Build.0 = Debug|Any CPU
		{6AE3FE47-3DA6-9B98-02E2-15A9181F4744}.Release|Any CPU.ActiveCfg = Release|Any CPU
		{6AE3FE47-3DA6-9B98-02E2-15A9181F4744}.Release|Any CPU.Build.0 = Release|Any CPU
		{CF3B3341-84E3-B460-88E8-D8BE3B8E7329}.Debug|Any CPU.ActiveCfg = Debug|Any CPU
		{CF3B3341-84E3-B460-88E8-D8BE3B8E7329}.Debug|Any CPU.Build.0 = Debug|Any CPU
		{CF3B3341-84E3-B460-88E8-D8BE3B8E7329}.Release|Any CPU.ActiveCfg = Release|Any CPU
		{CF3B3341-84E3-B460-88E8-D8BE3B8E7329}.Release|Any CPU.Build.0 = Release|Any CPU
		{43A5230D-31B9-0349-58BC-366E57BD7174}.Debug|Any CPU.ActiveCfg = Debug|Any CPU
		{43A5230D-31B9-0349-58BC-366E57BD7174}.Debug|Any CPU.Build.0 = Debug|Any CPU
		{43A5230D-31B9-0349-58BC-366E57BD7174}.Release|Any CPU.ActiveCfg = Release|Any CPU
		{43A5230D-31B9-0349-58BC-366E57BD7174}.Release|Any CPU.Build.0 = Release|Any CPU
		{9379B66C-D60E-43C9-6E44-077D656DFE25}.Debug|Any CPU.ActiveCfg = Debug|Any CPU
		{9379B66C-D60E-43C9-6E44-077D656DFE25}.Debug|Any CPU.Build.0 = Debug|Any CPU
		{9379B66C-D60E-43C9-6E44-077D656DFE25}.Release|Any CPU.ActiveCfg = Release|Any CPU
		{9379B66C-D60E-43C9-6E44-077D656DFE25}.Release|Any CPU.Build.0 = Release|Any CPU
		{3FB7F1F9-7B8C-EC5D-A324-6283DD381F86}.Debug|Any CPU.ActiveCfg = Debug|Any CPU
		{3FB7F1F9-7B8C-EC5D-A324-6283DD381F86}.Debug|Any CPU.Build.0 = Debug|Any CPU
		{3FB7F1F9-7B8C-EC5D-A324-6283DD381F86}.Release|Any CPU.ActiveCfg = Release|Any CPU
		{3FB7F1F9-7B8C-EC5D-A324-6283DD381F86}.Release|Any CPU.Build.0 = Release|Any CPU
	EndGlobalSection
	GlobalSection(SolutionProperties) = preSolution
		HideSolutionNode = FALSE
	EndGlobalSection
EndGlobal
