
Microsoft Visual Studio Solution File, Format Version 12.00
# Visual Studio 15
Project("{FAE04EC0-301F-11D3-BF4B-00C04F79EFBC}") = "Microsoft.MixedReality.Toolkit.SDK", "Microsoft.MixedReality.Toolkit.SDK.csproj", "{EFE9F269-D62B-1AD2-973B-CC517EC61952}"
EndProject
Project("{FAE04EC0-301F-11D3-BF4B-00C04F79EFBC}") = "Microsoft.MixedReality.Toolkit.Providers.OpenVR", "Microsoft.MixedReality.Toolkit.Providers.OpenVR.csproj", "{5BC3A5AB-DAC5-87D1-E448-ED383ED556BA}"
EndProject
Project("{FAE04EC0-301F-11D3-BF4B-00C04F79EFBC}") = "Microsoft.MixedReality.Toolkit", "Microsoft.MixedReality.Toolkit.csproj", "{FEAD72E8-8149-8315-A0EB-62C0683C4ED4}"
EndProject
Project("{FAE04EC0-301F-11D3-BF4B-00C04F79EFBC}") = "Microsoft.MixedReality.Toolkit.Services.SpatialAwarenessSystem", "Microsoft.MixedReality.Toolkit.Services.SpatialAwarenessSystem.csproj", "{65AFB4D7-4EE4-C6D2-B29A-F39748E2C212}"
EndProject
Project("{FAE04EC0-301F-11D3-BF4B-00C04F79EFBC}") = "Microsoft.MixedReality.Toolkit.Gltf", "Microsoft.MixedReality.Toolkit.Gltf.csproj", "{D22E542F-E11D-8162-9030-2FA43978B053}"
EndProject
Project("{FAE04EC0-301F-11D3-BF4B-00C04F79EFBC}") = "Microsoft.MixedReality.Toolkit.Services.SceneSystem", "Microsoft.MixedReality.Toolkit.Services.SceneSystem.csproj", "{02A7A233-7F24-47BB-0D1E-45BC88CE66CF}"
EndProject
Project("{FAE04EC0-301F-11D3-BF4B-00C04F79EFBC}") = "Microsoft.MixedReality.Toolkit.Services.InputSystem", "Microsoft.MixedReality.Toolkit.Services.InputSystem.csproj", "{23C54A67-558E-097B-4FFC-CC7A0FAC66B5}"
EndProject
Project("{FAE04EC0-301F-11D3-BF4B-00C04F79EFBC}") = "Microsoft.MixedReality.Toolkit.Providers.LeapMotion", "Microsoft.MixedReality.Toolkit.Providers.LeapMotion.csproj", "{D217A11D-1D21-BC3F-C621-AB32D2E87E05}"
EndProject
Project("{FAE04EC0-301F-11D3-BF4B-00C04F79EFBC}") = "Microsoft.MixedReality.Toolkit.Providers.XRSDK.WindowsMixedReality", "Microsoft.MixedReality.Toolkit.Providers.XRSDK.WindowsMixedReality.csproj", "{3A9E602C-1EE8-230A-B18A-5D5E44CCED32}"
EndProject
Project("{FAE04EC0-301F-11D3-BF4B-00C04F79EFBC}") = "Microsoft.MixedReality.Toolkit.Services.InputSimulation", "Microsoft.MixedReality.Toolkit.Services.InputSimulation.csproj", "{ABAA9BE5-843A-5BA7-DA05-C426C8D6C65D}"
EndProject
Project("{FAE04EC0-301F-11D3-BF4B-00C04F79EFBC}") = "Microsoft.MixedReality.Toolkit.Providers.UnityAR", "Microsoft.MixedReality.Toolkit.Providers.UnityAR.csproj", "{6E7E8C3A-EF6D-E60D-4266-2B9B0D334F7D}"
EndProject
Project("{FAE04EC0-301F-11D3-BF4B-00C04F79EFBC}") = "Microsoft.MixedReality.Toolkit.Services.InputAnimation", "Microsoft.MixedReality.Toolkit.Services.InputAnimation.csproj", "{4B24F3C9-79DE-EC02-7D57-F8439569BC98}"
EndProject
Project("{FAE04EC0-301F-11D3-BF4B-00C04F79EFBC}") = "Assembly-CSharp", "Assembly-CSharp.csproj", "{7CEFE1D3-CFDE-9F5C-8B61-D1712F3898C3}"
EndProject
Project("{FAE04EC0-301F-11D3-BF4B-00C04F79EFBC}") = "Microsoft.MixedReality.Toolkit.Providers.WindowsVoiceInput", "Microsoft.MixedReality.Toolkit.Providers.WindowsVoiceInput.csproj", "{99E2BC5B-E0D1-B9F3-1F02-3D08CD9AA4B1}"
EndProject
Project("{FAE04EC0-301F-11D3-BF4B-00C04F79EFBC}") = "Microsoft.MixedReality.Toolkit.Services.DiagnosticsSystem", "Microsoft.MixedReality.Toolkit.Services.DiagnosticsSystem.csproj", "{C0FC7C61-87F7-CF1F-8C49-4666BB939D1F}"
EndProject
Project("{FAE04EC0-301F-11D3-BF4B-00C04F79EFBC}") = "Microsoft.MixedReality.Toolkit.Async", "Microsoft.MixedReality.Toolkit.Async.csproj", "{D0B15B80-2DDF-8491-FD54-2E0D63C37C98}"
EndProject
Project("{FAE04EC0-301F-11D3-BF4B-00C04F79EFBC}") = "Microsoft.MixedReality.Toolkit.Providers.WindowsMixedReality", "Microsoft.MixedReality.Toolkit.Providers.WindowsMixedReality.csproj", "{55EB1F63-C051-4F6A-59AC-E1737CE10568}"
EndProject
Project("{FAE04EC0-301F-11D3-BF4B-00C04F79EFBC}") = "Microsoft.MixedReality.Toolkit.Providers.WindowsMixedReality.Shared", "Microsoft.MixedReality.Toolkit.Providers.WindowsMixedReality.Shared.csproj", "{F1123FBF-8D79-A464-0217-20684EECAF2E}"
EndProject
Project("{FAE04EC0-301F-11D3-BF4B-00C04F79EFBC}") = "Microsoft.MixedReality.Toolkit.Services.TeleportSystem", "Microsoft.MixedReality.Toolkit.Services.TeleportSystem.csproj", "{99E35792-4A0A-B46D-71AE-B316BADA81B1}"
EndProject
Project("{FAE04EC0-301F-11D3-BF4B-00C04F79EFBC}") = "Microsoft.MixedReality.Toolkit.Providers.XRSDK", "Microsoft.MixedReality.Toolkit.Providers.XRSDK.csproj", "{EFE56F86-86C9-2AD1-6116-525542600DA2}"
EndProject
Project("{FAE04EC0-301F-11D3-BF4B-00C04F79EFBC}") = "Microsoft.MixedReality.Toolkit.Services.CameraSystem", "Microsoft.MixedReality.Toolkit.Services.CameraSystem.csproj", "{3ED3F5B5-D1D2-2BED-475B-E6048B000D9B}"
EndProject
Project("{FAE04EC0-301F-11D3-BF4B-00C04F79EFBC}") = "Microsoft.MixedReality.Toolkit.Services.BoundarySystem", "Microsoft.MixedReality.Toolkit.Services.BoundarySystem.csproj", "{15F72A25-50EF-A853-ABF9-2D8B6CA892D7}"
EndProject
Project("{FAE04EC0-301F-11D3-BF4B-00C04F79EFBC}") = "Microsoft.MixedReality.Toolkit.SDK.Inspectors", "Microsoft.MixedReality.Toolkit.SDK.Inspectors.csproj", "{27E33FC5-AD1A-235F-FA33-D59A030C5F35}"
EndProject
Project("{FAE04EC0-301F-11D3-BF4B-00C04F79EFBC}") = "Microsoft.MixedReality.Toolkit.Editor.Inspectors", "Microsoft.MixedReality.Toolkit.Editor.Inspectors.csproj", "{5E8DF472-9CE3-B479-7279-54F60C91FA64}"
EndProject
Project("{FAE04EC0-301F-11D3-BF4B-00C04F79EFBC}") = "Microsoft.MixedReality.Toolkit.Editor.ServiceInspectors", "Microsoft.MixedReality.Toolkit.Editor.ServiceInspectors.csproj", "{E017D074-A6C1-50FC-FF6D-87DEDA59653D}"
EndProject
Project("{FAE04EC0-301F-11D3-BF4B-00C04F79EFBC}") = "Microsoft.MixedReality.Toolkit.SDK.Experimental.Inspectors", "Microsoft.MixedReality.Toolkit.SDK.Experimental.Inspectors.csproj", "{207B2072-473D-32F9-62E4-7A9F62A21D72}"
EndProject
Project("{FAE04EC0-301F-11D3-BF4B-00C04F79EFBC}") = "Microsoft.MixedReality.Toolkit.Providers.XRSDK.WindowsMixedReality.Editor", "Microsoft.MixedReality.Toolkit.Providers.XRSDK.WindowsMixedReality.Editor.csproj", "{B3DF881A-F7EE-7A93-1D13-C4175181293D}"
EndProject
Project("{FAE04EC0-301F-11D3-BF4B-00C04F79EFBC}") = "Microsoft.MixedReality.Toolkit.Editor.Utilities", "Microsoft.MixedReality.Toolkit.Editor.Utilities.csproj", "{C2FA9A43-F75F-EDBD-2C85-6B56EF950B08}"
EndProject
Project("{FAE04EC0-301F-11D3-BF4B-00C04F79EFBC}") = "Microsoft.MixedReality.Toolkit.Providers.ObjectMeshObserver", "Microsoft.MixedReality.Toolkit.Providers.ObjectMeshObserver.csproj", "{90C697C0-35DB-463A-F110-1B1B4D11A1C9}"
EndProject
Project("{FAE04EC0-301F-11D3-BF4B-00C04F79EFBC}") = "Microsoft.MixedReality.Toolkit.Editor.ClassExtensions", "Microsoft.MixedReality.Toolkit.Editor.ClassExtensions.csproj", "{8FFF6E85-11AD-F3BB-1473-838D7D6BC62F}"
EndProject
Project("{FAE04EC0-301F-11D3-BF4B-00C04F79EFBC}") = "Microsoft.MixedReality.Toolkit.Gltf.Importers", "Microsoft.MixedReality.Toolkit.Gltf.Importers.csproj", "{3FCFFC0C-5306-5177-D514-B0EE46C0A789}"
EndProject
Project("{FAE04EC0-301F-11D3-BF4B-00C04F79EFBC}") = "Microsoft.MixedReality.Toolkit.Providers.WindowsMixedReality.ConfigCheck", "Microsoft.MixedReality.Toolkit.Providers.WindowsMixedReality.ConfigCheck.csproj", "{58AAAD66-B2B8-EE04-F107-7A405BEB7856}"
EndProject
Project("{FAE04EC0-301F-11D3-BF4B-00C04F79EFBC}") = "Microsoft.MixedReality.Toolkit.Providers.LeapMotion.Editor", "Microsoft.MixedReality.Toolkit.Providers.LeapMotion.Editor.csproj", "{1045269A-1CF5-271E-C21F-7417E656E642}"
EndProject
Project("{FAE04EC0-301F-11D3-BF4B-00C04F79EFBC}") = "Microsoft.MixedReality.Toolkit.Services.InputSimulation.Editor", "Microsoft.MixedReality.Toolkit.Services.InputSimulation.Editor.csproj", "{F6F7E0A1-B14D-1AC3-D1F6-692518B91499}"
EndProject
Project("{FAE04EC0-301F-11D3-BF4B-00C04F79EFBC}") = "Microsoft.MixedReality.Toolkit.Editor.BuildAndDeploy", "Microsoft.MixedReality.Toolkit.Editor.BuildAndDeploy.csproj", "{E6250AC1-83D5-6CE5-573D-C9C8A2FC988B}"
EndProject
Project("{FAE04EC0-301F-11D3-BF4B-00C04F79EFBC}") = "Microsoft.MixedReality.Toolkit.Providers.LeapMotion.ConfigurationChecker", "Microsoft.MixedReality.Toolkit.Providers.LeapMotion.ConfigurationChecker.csproj", "{0AC3DCF7-AA3C-B8DF-E08D-BC1DC6E7257E}"
EndProject
Project("{FAE04EC0-301F-11D3-BF4B-00C04F79EFBC}") = "Microsoft.MixedReality.Toolkit.Providers.UnityAR.ConfigCheck", "Microsoft.MixedReality.Toolkit.Providers.UnityAR.ConfigCheck.csproj", "{DBEB9EB4-F31C-24A2-EA9E-9CB878E0489B}"
EndProject
Project("{FAE04EC0-301F-11D3-BF4B-00C04F79EFBC}") = "Microsoft.MixedReality.Toolkit.Providers.XRSDK.ConfigCheck", "Microsoft.MixedReality.Toolkit.Providers.XRSDK.ConfigCheck.csproj", "{DE0CF2E6-47FE-68D3-A568-43DC8677B862}"
EndProject
Project("{FAE04EC0-301F-11D3-BF4B-00C04F79EFBC}") = "Microsoft.MixedReality.Toolkit.Providers.UnityAR.Editor", "Microsoft.MixedReality.Toolkit.Providers.UnityAR.Editor.csproj", "{DA982646-52E6-BD1E-4674-C5CB78409762}"
EndProject
Project("{FAE04EC0-301F-11D3-BF4B-00C04F79EFBC}") = "Microsoft.MixedReality.Toolkit.Providers.WindowsMixedReality.Editor", "Microsoft.MixedReality.Toolkit.Providers.WindowsMixedReality.Editor.csproj", "{EE46260B-7E5F-4117-6A9D-1536ACA4D24E}"
EndProject
Project("{FAE04EC0-301F-11D3-BF4B-00C04F79EFBC}") = "Microsoft.MixedReality.Toolkit.Services.InputSystem.Editor", "Microsoft.MixedReality.Toolkit.Services.InputSystem.Editor.csproj", "{2D0816C0-F021-7F6F-A98D-F2BB20CDC247}"
EndProject
Project("{FAE04EC0-301F-11D3-BF4B-00C04F79EFBC}") = "Microsoft.Windows.MixedReality.DotNetWinRT.Editor", "Microsoft.Windows.MixedReality.DotNetWinRT.Editor.csproj", "{361826D1-B243-8034-9B5F-86D4E26F8BB1}"
EndProject
Global
	GlobalSection(SolutionConfigurationPlatforms) = preSolution
		Debug|Any CPU = Debug|Any CPU
		Release|Any CPU = Release|Any CPU
	EndGlobalSection
	GlobalSection(ProjectConfigurationPlatforms) = postSolution
		{EFE9F269-D62B-1AD2-973B-CC517EC61952}.Debug|Any CPU.ActiveCfg = Debug|Any CPU
		{EFE9F269-D62B-1AD2-973B-CC517EC61952}.Debug|Any CPU.Build.0 = Debug|Any CPU
		{EFE9F269-D62B-1AD2-973B-CC517EC61952}.Release|Any CPU.ActiveCfg = Release|Any CPU
		{EFE9F269-D62B-1AD2-973B-CC517EC61952}.Release|Any CPU.Build.0 = Release|Any CPU
		{5BC3A5AB-DAC5-87D1-E448-ED383ED556BA}.Debug|Any CPU.ActiveCfg = Debug|Any CPU
		{5BC3A5AB-DAC5-87D1-E448-ED383ED556BA}.Debug|Any CPU.Build.0 = Debug|Any CPU
		{5BC3A5AB-DAC5-87D1-E448-ED383ED556BA}.Release|Any CPU.ActiveCfg = Release|Any CPU
		{5BC3A5AB-DAC5-87D1-E448-ED383ED556BA}.Release|Any CPU.Build.0 = Release|Any CPU
		{FEAD72E8-8149-8315-A0EB-62C0683C4ED4}.Debug|Any CPU.ActiveCfg = Debug|Any CPU
		{FEAD72E8-8149-8315-A0EB-62C0683C4ED4}.Debug|Any CPU.Build.0 = Debug|Any CPU
		{FEAD72E8-8149-8315-A0EB-62C0683C4ED4}.Release|Any CPU.ActiveCfg = Release|Any CPU
		{FEAD72E8-8149-8315-A0EB-62C0683C4ED4}.Release|Any CPU.Build.0 = Release|Any CPU
		{65AFB4D7-4EE4-C6D2-B29A-F39748E2C212}.Debug|Any CPU.ActiveCfg = Debug|Any CPU
		{65AFB4D7-4EE4-C6D2-B29A-F39748E2C212}.Debug|Any CPU.Build.0 = Debug|Any CPU
		{65AFB4D7-4EE4-C6D2-B29A-F39748E2C212}.Release|Any CPU.ActiveCfg = Release|Any CPU
		{65AFB4D7-4EE4-C6D2-B29A-F39748E2C212}.Release|Any CPU.Build.0 = Release|Any CPU
		{D22E542F-E11D-8162-9030-2FA43978B053}.Debug|Any CPU.ActiveCfg = Debug|Any CPU
		{D22E542F-E11D-8162-9030-2FA43978B053}.Debug|Any CPU.Build.0 = Debug|Any CPU
		{D22E542F-E11D-8162-9030-2FA43978B053}.Release|Any CPU.ActiveCfg = Release|Any CPU
		{D22E542F-E11D-8162-9030-2FA43978B053}.Release|Any CPU.Build.0 = Release|Any CPU
		{02A7A233-7F24-47BB-0D1E-45BC88CE66CF}.Debug|Any CPU.ActiveCfg = Debug|Any CPU
		{02A7A233-7F24-47BB-0D1E-45BC88CE66CF}.Debug|Any CPU.Build.0 = Debug|Any CPU
		{02A7A233-7F24-47BB-0D1E-45BC88CE66CF}.Release|Any CPU.ActiveCfg = Release|Any CPU
		{02A7A233-7F24-47BB-0D1E-45BC88CE66CF}.Release|Any CPU.Build.0 = Release|Any CPU
		{23C54A67-558E-097B-4FFC-CC7A0FAC66B5}.Debug|Any CPU.ActiveCfg = Debug|Any CPU
		{23C54A67-558E-097B-4FFC-CC7A0FAC66B5}.Debug|Any CPU.Build.0 = Debug|Any CPU
		{23C54A67-558E-097B-4FFC-CC7A0FAC66B5}.Release|Any CPU.ActiveCfg = Release|Any CPU
		{23C54A67-558E-097B-4FFC-CC7A0FAC66B5}.Release|Any CPU.Build.0 = Release|Any CPU
		{D217A11D-1D21-BC3F-C621-AB32D2E87E05}.Debug|Any CPU.ActiveCfg = Debug|Any CPU
		{D217A11D-1D21-BC3F-C621-AB32D2E87E05}.Debug|Any CPU.Build.0 = Debug|Any CPU
		{D217A11D-1D21-BC3F-C621-AB32D2E87E05}.Release|Any CPU.ActiveCfg = Release|Any CPU
		{D217A11D-1D21-BC3F-C621-AB32D2E87E05}.Release|Any CPU.Build.0 = Release|Any CPU
		{3A9E602C-1EE8-230A-B18A-5D5E44CCED32}.Debug|Any CPU.ActiveCfg = Debug|Any CPU
		{3A9E602C-1EE8-230A-B18A-5D5E44CCED32}.Debug|Any CPU.Build.0 = Debug|Any CPU
		{3A9E602C-1EE8-230A-B18A-5D5E44CCED32}.Release|Any CPU.ActiveCfg = Release|Any CPU
		{3A9E602C-1EE8-230A-B18A-5D5E44CCED32}.Release|Any CPU.Build.0 = Release|Any CPU
		{ABAA9BE5-843A-5BA7-DA05-C426C8D6C65D}.Debug|Any CPU.ActiveCfg = Debug|Any CPU
		{ABAA9BE5-843A-5BA7-DA05-C426C8D6C65D}.Debug|Any CPU.Build.0 = Debug|Any CPU
		{ABAA9BE5-843A-5BA7-DA05-C426C8D6C65D}.Release|Any CPU.ActiveCfg = Release|Any CPU
		{ABAA9BE5-843A-5BA7-DA05-C426C8D6C65D}.Release|Any CPU.Build.0 = Release|Any CPU
		{6E7E8C3A-EF6D-E60D-4266-2B9B0D334F7D}.Debug|Any CPU.ActiveCfg = Debug|Any CPU
		{6E7E8C3A-EF6D-E60D-4266-2B9B0D334F7D}.Debug|Any CPU.Build.0 = Debug|Any CPU
		{6E7E8C3A-EF6D-E60D-4266-2B9B0D334F7D}.Release|Any CPU.ActiveCfg = Release|Any CPU
		{6E7E8C3A-EF6D-E60D-4266-2B9B0D334F7D}.Release|Any CPU.Build.0 = Release|Any CPU
		{4B24F3C9-79DE-EC02-7D57-F8439569BC98}.Debug|Any CPU.ActiveCfg = Debug|Any CPU
		{4B24F3C9-79DE-EC02-7D57-F8439569BC98}.Debug|Any CPU.Build.0 = Debug|Any CPU
		{4B24F3C9-79DE-EC02-7D57-F8439569BC98}.Release|Any CPU.ActiveCfg = Release|Any CPU
		{4B24F3C9-79DE-EC02-7D57-F8439569BC98}.Release|Any CPU.Build.0 = Release|Any CPU
		{7CEFE1D3-CFDE-9F5C-8B61-D1712F3898C3}.Debug|Any CPU.ActiveCfg = Debug|Any CPU
		{7CEFE1D3-CFDE-9F5C-8B61-D1712F3898C3}.Debug|Any CPU.Build.0 = Debug|Any CPU
		{7CEFE1D3-CFDE-9F5C-8B61-D1712F3898C3}.Release|Any CPU.ActiveCfg = Release|Any CPU
		{7CEFE1D3-CFDE-9F5C-8B61-D1712F3898C3}.Release|Any CPU.Build.0 = Release|Any CPU
		{99E2BC5B-E0D1-B9F3-1F02-3D08CD9AA4B1}.Debug|Any CPU.ActiveCfg = Debug|Any CPU
		{99E2BC5B-E0D1-B9F3-1F02-3D08CD9AA4B1}.Debug|Any CPU.Build.0 = Debug|Any CPU
		{99E2BC5B-E0D1-B9F3-1F02-3D08CD9AA4B1}.Release|Any CPU.ActiveCfg = Release|Any CPU
		{99E2BC5B-E0D1-B9F3-1F02-3D08CD9AA4B1}.Release|Any CPU.Build.0 = Release|Any CPU
		{C0FC7C61-87F7-CF1F-8C49-4666BB939D1F}.Debug|Any CPU.ActiveCfg = Debug|Any CPU
		{C0FC7C61-87F7-CF1F-8C49-4666BB939D1F}.Debug|Any CPU.Build.0 = Debug|Any CPU
		{C0FC7C61-87F7-CF1F-8C49-4666BB939D1F}.Release|Any CPU.ActiveCfg = Release|Any CPU
		{C0FC7C61-87F7-CF1F-8C49-4666BB939D1F}.Release|Any CPU.Build.0 = Release|Any CPU
		{D0B15B80-2DDF-8491-FD54-2E0D63C37C98}.Debug|Any CPU.ActiveCfg = Debug|Any CPU
		{D0B15B80-2DDF-8491-FD54-2E0D63C37C98}.Debug|Any CPU.Build.0 = Debug|Any CPU
		{D0B15B80-2DDF-8491-FD54-2E0D63C37C98}.Release|Any CPU.ActiveCfg = Release|Any CPU
		{D0B15B80-2DDF-8491-FD54-2E0D63C37C98}.Release|Any CPU.Build.0 = Release|Any CPU
		{55EB1F63-C051-4F6A-59AC-E1737CE10568}.Debug|Any CPU.ActiveCfg = Debug|Any CPU
		{55EB1F63-C051-4F6A-59AC-E1737CE10568}.Debug|Any CPU.Build.0 = Debug|Any CPU
		{55EB1F63-C051-4F6A-59AC-E1737CE10568}.Release|Any CPU.ActiveCfg = Release|Any CPU
		{55EB1F63-C051-4F6A-59AC-E1737CE10568}.Release|Any CPU.Build.0 = Release|Any CPU
		{F1123FBF-8D79-A464-0217-20684EECAF2E}.Debug|Any CPU.ActiveCfg = Debug|Any CPU
		{F1123FBF-8D79-A464-0217-20684EECAF2E}.Debug|Any CPU.Build.0 = Debug|Any CPU
		{F1123FBF-8D79-A464-0217-20684EECAF2E}.Release|Any CPU.ActiveCfg = Release|Any CPU
		{F1123FBF-8D79-A464-0217-20684EECAF2E}.Release|Any CPU.Build.0 = Release|Any CPU
		{99E35792-4A0A-B46D-71AE-B316BADA81B1}.Debug|Any CPU.ActiveCfg = Debug|Any CPU
		{99E35792-4A0A-B46D-71AE-B316BADA81B1}.Debug|Any CPU.Build.0 = Debug|Any CPU
		{99E35792-4A0A-B46D-71AE-B316BADA81B1}.Release|Any CPU.ActiveCfg = Release|Any CPU
		{99E35792-4A0A-B46D-71AE-B316BADA81B1}.Release|Any CPU.Build.0 = Release|Any CPU
		{EFE56F86-86C9-2AD1-6116-525542600DA2}.Debug|Any CPU.ActiveCfg = Debug|Any CPU
		{EFE56F86-86C9-2AD1-6116-525542600DA2}.Debug|Any CPU.Build.0 = Debug|Any CPU
		{EFE56F86-86C9-2AD1-6116-525542600DA2}.Release|Any CPU.ActiveCfg = Release|Any CPU
		{EFE56F86-86C9-2AD1-6116-525542600DA2}.Release|Any CPU.Build.0 = Release|Any CPU
		{3ED3F5B5-D1D2-2BED-475B-E6048B000D9B}.Debug|Any CPU.ActiveCfg = Debug|Any CPU
		{3ED3F5B5-D1D2-2BED-475B-E6048B000D9B}.Debug|Any CPU.Build.0 = Debug|Any CPU
		{3ED3F5B5-D1D2-2BED-475B-E6048B000D9B}.Release|Any CPU.ActiveCfg = Release|Any CPU
		{3ED3F5B5-D1D2-2BED-475B-E6048B000D9B}.Release|Any CPU.Build.0 = Release|Any CPU
		{15F72A25-50EF-A853-ABF9-2D8B6CA892D7}.Debug|Any CPU.ActiveCfg = Debug|Any CPU
		{15F72A25-50EF-A853-ABF9-2D8B6CA892D7}.Debug|Any CPU.Build.0 = Debug|Any CPU
		{15F72A25-50EF-A853-ABF9-2D8B6CA892D7}.Release|Any CPU.ActiveCfg = Release|Any CPU
		{15F72A25-50EF-A853-ABF9-2D8B6CA892D7}.Release|Any CPU.Build.0 = Release|Any CPU
		{27E33FC5-AD1A-235F-FA33-D59A030C5F35}.Debug|Any CPU.ActiveCfg = Debug|Any CPU
		{27E33FC5-AD1A-235F-FA33-D59A030C5F35}.Debug|Any CPU.Build.0 = Debug|Any CPU
		{27E33FC5-AD1A-235F-FA33-D59A030C5F35}.Release|Any CPU.ActiveCfg = Release|Any CPU
		{27E33FC5-AD1A-235F-FA33-D59A030C5F35}.Release|Any CPU.Build.0 = Release|Any CPU
		{5E8DF472-9CE3-B479-7279-54F60C91FA64}.Debug|Any CPU.ActiveCfg = Debug|Any CPU
		{5E8DF472-9CE3-B479-7279-54F60C91FA64}.Debug|Any CPU.Build.0 = Debug|Any CPU
		{5E8DF472-9CE3-B479-7279-54F60C91FA64}.Release|Any CPU.ActiveCfg = Release|Any CPU
		{5E8DF472-9CE3-B479-7279-54F60C91FA64}.Release|Any CPU.Build.0 = Release|Any CPU
		{E017D074-A6C1-50FC-FF6D-87DEDA59653D}.Debug|Any CPU.ActiveCfg = Debug|Any CPU
		{E017D074-A6C1-50FC-FF6D-87DEDA59653D}.Debug|Any CPU.Build.0 = Debug|Any CPU
		{E017D074-A6C1-50FC-FF6D-87DEDA59653D}.Release|Any CPU.ActiveCfg = Release|Any CPU
		{E017D074-A6C1-50FC-FF6D-87DEDA59653D}.Release|Any CPU.Build.0 = Release|Any CPU
		{207B2072-473D-32F9-62E4-7A9F62A21D72}.Debug|Any CPU.ActiveCfg = Debug|Any CPU
		{207B2072-473D-32F9-62E4-7A9F62A21D72}.Debug|Any CPU.Build.0 = Debug|Any CPU
		{207B2072-473D-32F9-62E4-7A9F62A21D72}.Release|Any CPU.ActiveCfg = Release|Any CPU
		{207B2072-473D-32F9-62E4-7A9F62A21D72}.Release|Any CPU.Build.0 = Release|Any CPU
		{B3DF881A-F7EE-7A93-1D13-C4175181293D}.Debug|Any CPU.ActiveCfg = Debug|Any CPU
		{B3DF881A-F7EE-7A93-1D13-C4175181293D}.Debug|Any CPU.Build.0 = Debug|Any CPU
		{B3DF881A-F7EE-7A93-1D13-C4175181293D}.Release|Any CPU.ActiveCfg = Release|Any CPU
		{B3DF881A-F7EE-7A93-1D13-C4175181293D}.Release|Any CPU.Build.0 = Release|Any CPU
		{C2FA9A43-F75F-EDBD-2C85-6B56EF950B08}.Debug|Any CPU.ActiveCfg = Debug|Any CPU
		{C2FA9A43-F75F-EDBD-2C85-6B56EF950B08}.Debug|Any CPU.Build.0 = Debug|Any CPU
		{C2FA9A43-F75F-EDBD-2C85-6B56EF950B08}.Release|Any CPU.ActiveCfg = Release|Any CPU
		{C2FA9A43-F75F-EDBD-2C85-6B56EF950B08}.Release|Any CPU.Build.0 = Release|Any CPU
		{90C697C0-35DB-463A-F110-1B1B4D11A1C9}.Debug|Any CPU.ActiveCfg = Debug|Any CPU
		{90C697C0-35DB-463A-F110-1B1B4D11A1C9}.Debug|Any CPU.Build.0 = Debug|Any CPU
		{90C697C0-35DB-463A-F110-1B1B4D11A1C9}.Release|Any CPU.ActiveCfg = Release|Any CPU
		{90C697C0-35DB-463A-F110-1B1B4D11A1C9}.Release|Any CPU.Build.0 = Release|Any CPU
		{8FFF6E85-11AD-F3BB-1473-838D7D6BC62F}.Debug|Any CPU.ActiveCfg = Debug|Any CPU
		{8FFF6E85-11AD-F3BB-1473-838D7D6BC62F}.Debug|Any CPU.Build.0 = Debug|Any CPU
		{8FFF6E85-11AD-F3BB-1473-838D7D6BC62F}.Release|Any CPU.ActiveCfg = Release|Any CPU
		{8FFF6E85-11AD-F3BB-1473-838D7D6BC62F}.Release|Any CPU.Build.0 = Release|Any CPU
		{3FCFFC0C-5306-5177-D514-B0EE46C0A789}.Debug|Any CPU.ActiveCfg = Debug|Any CPU
		{3FCFFC0C-5306-5177-D514-B0EE46C0A789}.Debug|Any CPU.Build.0 = Debug|Any CPU
		{3FCFFC0C-5306-5177-D514-B0EE46C0A789}.Release|Any CPU.ActiveCfg = Release|Any CPU
		{3FCFFC0C-5306-5177-D514-B0EE46C0A789}.Release|Any CPU.Build.0 = Release|Any CPU
		{58AAAD66-B2B8-EE04-F107-7A405BEB7856}.Debug|Any CPU.ActiveCfg = Debug|Any CPU
		{58AAAD66-B2B8-EE04-F107-7A405BEB7856}.Debug|Any CPU.Build.0 = Debug|Any CPU
		{58AAAD66-B2B8-EE04-F107-7A405BEB7856}.Release|Any CPU.ActiveCfg = Release|Any CPU
		{58AAAD66-B2B8-EE04-F107-7A405BEB7856}.Release|Any CPU.Build.0 = Release|Any CPU
		{1045269A-1CF5-271E-C21F-7417E656E642}.Debug|Any CPU.ActiveCfg = Debug|Any CPU
		{1045269A-1CF5-271E-C21F-7417E656E642}.Debug|Any CPU.Build.0 = Debug|Any CPU
		{1045269A-1CF5-271E-C21F-7417E656E642}.Release|Any CPU.ActiveCfg = Release|Any CPU
		{1045269A-1CF5-271E-C21F-7417E656E642}.Release|Any CPU.Build.0 = Release|Any CPU
		{F6F7E0A1-B14D-1AC3-D1F6-692518B91499}.Debug|Any CPU.ActiveCfg = Debug|Any CPU
		{F6F7E0A1-B14D-1AC3-D1F6-692518B91499}.Debug|Any CPU.Build.0 = Debug|Any CPU
		{F6F7E0A1-B14D-1AC3-D1F6-692518B91499}.Release|Any CPU.ActiveCfg = Release|Any CPU
		{F6F7E0A1-B14D-1AC3-D1F6-692518B91499}.Release|Any CPU.Build.0 = Release|Any CPU
		{E6250AC1-83D5-6CE5-573D-C9C8A2FC988B}.Debug|Any CPU.ActiveCfg = Debug|Any CPU
		{E6250AC1-83D5-6CE5-573D-C9C8A2FC988B}.Debug|Any CPU.Build.0 = Debug|Any CPU
		{E6250AC1-83D5-6CE5-573D-C9C8A2FC988B}.Release|Any CPU.ActiveCfg = Release|Any CPU
		{E6250AC1-83D5-6CE5-573D-C9C8A2FC988B}.Release|Any CPU.Build.0 = Release|Any CPU
		{0AC3DCF7-AA3C-B8DF-E08D-BC1DC6E7257E}.Debug|Any CPU.ActiveCfg = Debug|Any CPU
		{0AC3DCF7-AA3C-B8DF-E08D-BC1DC6E7257E}.Debug|Any CPU.Build.0 = Debug|Any CPU
		{0AC3DCF7-AA3C-B8DF-E08D-BC1DC6E7257E}.Release|Any CPU.ActiveCfg = Release|Any CPU
		{0AC3DCF7-AA3C-B8DF-E08D-BC1DC6E7257E}.Release|Any CPU.Build.0 = Release|Any CPU
		{DBEB9EB4-F31C-24A2-EA9E-9CB878E0489B}.Debug|Any CPU.ActiveCfg = Debug|Any CPU
		{DBEB9EB4-F31C-24A2-EA9E-9CB878E0489B}.Debug|Any CPU.Build.0 = Debug|Any CPU
		{DBEB9EB4-F31C-24A2-EA9E-9CB878E0489B}.Release|Any CPU.ActiveCfg = Release|Any CPU
		{DBEB9EB4-F31C-24A2-EA9E-9CB878E0489B}.Release|Any CPU.Build.0 = Release|Any CPU
		{DE0CF2E6-47FE-68D3-A568-43DC8677B862}.Debug|Any CPU.ActiveCfg = Debug|Any CPU
		{DE0CF2E6-47FE-68D3-A568-43DC8677B862}.Debug|Any CPU.Build.0 = Debug|Any CPU
		{DE0CF2E6-47FE-68D3-A568-43DC8677B862}.Release|Any CPU.ActiveCfg = Release|Any CPU
		{DE0CF2E6-47FE-68D3-A568-43DC8677B862}.Release|Any CPU.Build.0 = Release|Any CPU
		{DA982646-52E6-BD1E-4674-C5CB78409762}.Debug|Any CPU.ActiveCfg = Debug|Any CPU
		{DA982646-52E6-BD1E-4674-C5CB78409762}.Debug|Any CPU.Build.0 = Debug|Any CPU
		{DA982646-52E6-BD1E-4674-C5CB78409762}.Release|Any CPU.ActiveCfg = Release|Any CPU
		{DA982646-52E6-BD1E-4674-C5CB78409762}.Release|Any CPU.Build.0 = Release|Any CPU
		{EE46260B-7E5F-4117-6A9D-1536ACA4D24E}.Debug|Any CPU.ActiveCfg = Debug|Any CPU
		{EE46260B-7E5F-4117-6A9D-1536ACA4D24E}.Debug|Any CPU.Build.0 = Debug|Any CPU
		{EE46260B-7E5F-4117-6A9D-1536ACA4D24E}.Release|Any CPU.ActiveCfg = Release|Any CPU
		{EE46260B-7E5F-4117-6A9D-1536ACA4D24E}.Release|Any CPU.Build.0 = Release|Any CPU
		{2D0816C0-F021-7F6F-A98D-F2BB20CDC247}.Debug|Any CPU.ActiveCfg = Debug|Any CPU
		{2D0816C0-F021-7F6F-A98D-F2BB20CDC247}.Debug|Any CPU.Build.0 = Debug|Any CPU
		{2D0816C0-F021-7F6F-A98D-F2BB20CDC247}.Release|Any CPU.ActiveCfg = Release|Any CPU
		{2D0816C0-F021-7F6F-A98D-F2BB20CDC247}.Release|Any CPU.Build.0 = Release|Any CPU
		{361826D1-B243-8034-9B5F-86D4E26F8BB1}.Debug|Any CPU.ActiveCfg = Debug|Any CPU
		{361826D1-B243-8034-9B5F-86D4E26F8BB1}.Debug|Any CPU.Build.0 = Debug|Any CPU
		{361826D1-B243-8034-9B5F-86D4E26F8BB1}.Release|Any CPU.ActiveCfg = Release|Any CPU
		{361826D1-B243-8034-9B5F-86D4E26F8BB1}.Release|Any CPU.Build.0 = Release|Any CPU
	EndGlobalSection
	GlobalSection(SolutionProperties) = preSolution
		HideSolutionNode = FALSE
	EndGlobalSection
EndGlobal
